// !$*UTF8*$!
{
	archiveVersion = 1;
	classes = {
	};
	objectVersion = 54;
	objects = {

/* Begin PBXBuildFile section */
		022534DA4FB64CBF9AAC6837 /* HKGrotesk-SemiBold.ttf in Resources */ = {isa = PBXBuildFile; fileRef = 4668E18F3B364E8FBEE4855C /* HKGrotesk-SemiBold.ttf */; };
		069CEB0FA3F44CE6A86060C9 /* PlayfairDisplay-MediumItalic.ttf in Resources */ = {isa = PBXBuildFile; fileRef = F35AC701EC1A4C298B2B7BBD /* PlayfairDisplay-MediumItalic.ttf */; };
		071F0984601345C1A4433655 /* community.jpg in Resources */ = {isa = PBXBuildFile; fileRef = 11C7F314F4714C2F8F532671 /* community.jpg */; };
		079D505F0F384C3B4F85E438 /* Pods_twentyninek_production.framework in Frameworks */ = {isa = PBXBuildFile; fileRef = F3BD1919713603E4954EF2E4 /* Pods_twentyninek_production.framework */; };
		09311DD5B06E4A41BD97FE2A /* PlayfairDisplay-Medium.ttf in Resources */ = {isa = PBXBuildFile; fileRef = F0732F29855A4EE089F76599 /* PlayfairDisplay-Medium.ttf */; };
		0BE8102DD2DE4FC2820E2A7B /* thumbs_down_silouette.png in Resources */ = {isa = PBXBuildFile; fileRef = 2587FCC5B84C4027BBAB880B /* thumbs_down_silouette.png */; };
		10E70385B2454591A7657B4B /* PlayfairDisplay-Regular.ttf in Resources */ = {isa = PBXBuildFile; fileRef = 35E0C7EB316048939A75C305 /* PlayfairDisplay-Regular.ttf */; };
		138532B582134608831ADCA4 /* thumbs_up.png in Resources */ = {isa = PBXBuildFile; fileRef = 12A592D3B045465ABD8A445D /* thumbs_up.png */; };
		13B07FBC1A68108700A75B9A /* AppDelegate.mm in Sources */ = {isa = PBXBuildFile; fileRef = 13B07FB01A68108700A75B9A /* AppDelegate.mm */; };
		13B07FC11A68108700A75B9A /* main.m in Sources */ = {isa = PBXBuildFile; fileRef = 13B07FB71A68108700A75B9A /* main.m */; };
		1701E39AC6A84D798D0B6AAE /* onboarding_person1.mp4 in Resources */ = {isa = PBXBuildFile; fileRef = 886DE006BDE2419C9A28CA55 /* onboarding_person1.mp4 */; };
		172FD1A660FA43AF8390F756 /* HKGrotesk-ThinItalic.ttf in Resources */ = {isa = PBXBuildFile; fileRef = D23A9D3469D04DCBA3B5B6DE /* HKGrotesk-ThinItalic.ttf */; };
		1AF1549406FE42B5B87DF3CD /* PlayfairDisplay-ExtraBold.ttf in Resources */ = {isa = PBXBuildFile; fileRef = B969669E9C09454993930592 /* PlayfairDisplay-ExtraBold.ttf */; };
		1CADA6E67B504D9EA69F73FA /* HKGrotesk-BoldItalic.ttf in Resources */ = {isa = PBXBuildFile; fileRef = B8268BC6140D4234847163B1 /* HKGrotesk-BoldItalic.ttf */; };
		20AC302B29B612980083FDD0 /* VideoLooperView.swift in Sources */ = {isa = PBXBuildFile; fileRef = 20AC302A29B612980083FDD0 /* VideoLooperView.swift */; };
		20AC302C29B612980083FDD0 /* VideoLooperView.swift in Sources */ = {isa = PBXBuildFile; fileRef = 20AC302A29B612980083FDD0 /* VideoLooperView.swift */; };
		20AC302D29B612980083FDD0 /* VideoLooperView.swift in Sources */ = {isa = PBXBuildFile; fileRef = 20AC302A29B612980083FDD0 /* VideoLooperView.swift */; };
		20AC302F29B612F40083FDD0 /* VideoLooperManager.m in Sources */ = {isa = PBXBuildFile; fileRef = 20AC302E29B612F40083FDD0 /* VideoLooperManager.m */; };
		20AC303029B612F40083FDD0 /* VideoLooperManager.m in Sources */ = {isa = PBXBuildFile; fileRef = 20AC302E29B612F40083FDD0 /* VideoLooperManager.m */; };
		20AC303129B612F40083FDD0 /* VideoLooperManager.m in Sources */ = {isa = PBXBuildFile; fileRef = 20AC302E29B612F40083FDD0 /* VideoLooperManager.m */; };
		20AC303529B6146F0083FDD0 /* VideoLooperManager.swift in Sources */ = {isa = PBXBuildFile; fileRef = 20AC303429B6146F0083FDD0 /* VideoLooperManager.swift */; };
		20AC303629B6146F0083FDD0 /* VideoLooperManager.swift in Sources */ = {isa = PBXBuildFile; fileRef = 20AC303429B6146F0083FDD0 /* VideoLooperManager.swift */; };
		20AC303729B6146F0083FDD0 /* VideoLooperManager.swift in Sources */ = {isa = PBXBuildFile; fileRef = 20AC303429B6146F0083FDD0 /* VideoLooperManager.swift */; };
		2C22379E6CA1AEC0F8AAB33E /* Pods_twentyninek_staging.framework in Frameworks */ = {isa = PBXBuildFile; fileRef = C781AF05E8AE0C9E532DF550 /* Pods_twentyninek_staging.framework */; };
		2FE77C56EC3F430AB48B6CDE /* gem.gif in Resources */ = {isa = PBXBuildFile; fileRef = 1C1D4EBADDFF449994F70A8F /* gem.gif */; };
		358C4F2723F64259BA21F041 /* HKGrotesk-SemiBoldItalic.ttf in Resources */ = {isa = PBXBuildFile; fileRef = 2F984EB2C23C413EAD170059 /* HKGrotesk-SemiBoldItalic.ttf */; };
		36051E392B4C5E23005EEF89 /* emoji_grinning.png in Resources */ = {isa = PBXBuildFile; fileRef = BA0C869358D3406BBB820DCD /* emoji_grinning.png */; };
		36051E3A2B4C5E23005EEF89 /* emoji_anxious.png in Resources */ = {isa = PBXBuildFile; fileRef = AC3478987B5D4523842A8EBF /* emoji_anxious.png */; };
		36051E3B2B4C5E23005EEF89 /* emoji_smiling.png in Resources */ = {isa = PBXBuildFile; fileRef = E46A3E30BB244120BC8F9CA9 /* emoji_smiling.png */; };
		36051E3C2B4C5E24005EEF89 /* emoji_grinning.png in Resources */ = {isa = PBXBuildFile; fileRef = BA0C869358D3406BBB820DCD /* emoji_grinning.png */; };
		36051E3D2B4C5E24005EEF89 /* emoji_anxious.png in Resources */ = {isa = PBXBuildFile; fileRef = AC3478987B5D4523842A8EBF /* emoji_anxious.png */; };
		36051E3E2B4C5E24005EEF89 /* emoji_smiling.png in Resources */ = {isa = PBXBuildFile; fileRef = E46A3E30BB244120BC8F9CA9 /* emoji_smiling.png */; };
		36210DE829DEDA0300552260 /* thumbs_up_silouette.png in Resources */ = {isa = PBXBuildFile; fileRef = 7697D543D27245AFB5F40FE5 /* thumbs_up_silouette.png */; };
		36210DE929DEDA0300552260 /* forest.jpg in Resources */ = {isa = PBXBuildFile; fileRef = F7F60DFD1E4B498AA08A6194 /* forest.jpg */; };
		36210DEA29DEDA0300552260 /* thumbs_up.png in Resources */ = {isa = PBXBuildFile; fileRef = 12A592D3B045465ABD8A445D /* thumbs_up.png */; };
		36210DEB29DEDA0300552260 /* thumbs_up_silouette.png in Resources */ = {isa = PBXBuildFile; fileRef = 7697D543D27245AFB5F40FE5 /* thumbs_up_silouette.png */; };
		36210DEC29DEDA0300552260 /* forest.jpg in Resources */ = {isa = PBXBuildFile; fileRef = F7F60DFD1E4B498AA08A6194 /* forest.jpg */; };
		36210DED29DEDA0300552260 /* thumbs_up.png in Resources */ = {isa = PBXBuildFile; fileRef = 12A592D3B045465ABD8A445D /* thumbs_up.png */; };
		36303A0928D9B0910025F147 /* PlayfairDisplay-Italic.ttf in Resources */ = {isa = PBXBuildFile; fileRef = 64EC0C45BF0040A2AEAB9C0F /* PlayfairDisplay-Italic.ttf */; };
		36303A0A28D9B0910025F147 /* PlayfairDisplay-Regular.ttf in Resources */ = {isa = PBXBuildFile; fileRef = 35E0C7EB316048939A75C305 /* PlayfairDisplay-Regular.ttf */; };
		36303A0B28D9B0910025F147 /* PlayfairDisplay-ExtraBold.ttf in Resources */ = {isa = PBXBuildFile; fileRef = B969669E9C09454993930592 /* PlayfairDisplay-ExtraBold.ttf */; };
		36303A0C28D9B0910025F147 /* PlayfairDisplay-SemiBold.ttf in Resources */ = {isa = PBXBuildFile; fileRef = 47BAB9D11CC441EE8D9AD069 /* PlayfairDisplay-SemiBold.ttf */; };
		36303A0D28D9B0910025F147 /* PlayfairDisplay-BoldItalic.ttf in Resources */ = {isa = PBXBuildFile; fileRef = A25751351AC74C9899C05A2B /* PlayfairDisplay-BoldItalic.ttf */; };
		36303A0E28D9B0910025F147 /* PlayfairDisplay-Medium.ttf in Resources */ = {isa = PBXBuildFile; fileRef = F0732F29855A4EE089F76599 /* PlayfairDisplay-Medium.ttf */; };
		36303A0F28D9B0910025F147 /* PlayfairDisplay-BlackItalic.ttf in Resources */ = {isa = PBXBuildFile; fileRef = 3FB1C4107AC3466188F02C93 /* PlayfairDisplay-BlackItalic.ttf */; };
		36303A1028D9B0910025F147 /* PlayfairDisplay-SemiBoldItalic.ttf in Resources */ = {isa = PBXBuildFile; fileRef = 70541B4723CC4589BC286F20 /* PlayfairDisplay-SemiBoldItalic.ttf */; };
		36303A1128D9B0910025F147 /* PlayfairDisplay-Bold.ttf in Resources */ = {isa = PBXBuildFile; fileRef = 5D604BD0BA9D4700B61615BC /* PlayfairDisplay-Bold.ttf */; };
		36303A1228D9B0910025F147 /* PlayfairDisplay-Black.ttf in Resources */ = {isa = PBXBuildFile; fileRef = 0C60BDAB4BE94BBC97B83082 /* PlayfairDisplay-Black.ttf */; };
		36303A1328D9B0910025F147 /* PlayfairDisplay-MediumItalic.ttf in Resources */ = {isa = PBXBuildFile; fileRef = F35AC701EC1A4C298B2B7BBD /* PlayfairDisplay-MediumItalic.ttf */; };
		36303A1428D9B0910025F147 /* PlayfairDisplay-ExtraBoldItalic.ttf in Resources */ = {isa = PBXBuildFile; fileRef = 61A8F5BA383445C59ADAA18A /* PlayfairDisplay-ExtraBoldItalic.ttf */; };
		36303A1528D9B0910025F147 /* PlayfairDisplay-Italic.ttf in Resources */ = {isa = PBXBuildFile; fileRef = 64EC0C45BF0040A2AEAB9C0F /* PlayfairDisplay-Italic.ttf */; };
		36303A1628D9B0910025F147 /* PlayfairDisplay-Regular.ttf in Resources */ = {isa = PBXBuildFile; fileRef = 35E0C7EB316048939A75C305 /* PlayfairDisplay-Regular.ttf */; };
		36303A1728D9B0910025F147 /* PlayfairDisplay-ExtraBold.ttf in Resources */ = {isa = PBXBuildFile; fileRef = B969669E9C09454993930592 /* PlayfairDisplay-ExtraBold.ttf */; };
		36303A1828D9B0910025F147 /* PlayfairDisplay-SemiBold.ttf in Resources */ = {isa = PBXBuildFile; fileRef = 47BAB9D11CC441EE8D9AD069 /* PlayfairDisplay-SemiBold.ttf */; };
		36303A1928D9B0910025F147 /* PlayfairDisplay-BoldItalic.ttf in Resources */ = {isa = PBXBuildFile; fileRef = A25751351AC74C9899C05A2B /* PlayfairDisplay-BoldItalic.ttf */; };
		36303A1A28D9B0910025F147 /* PlayfairDisplay-Medium.ttf in Resources */ = {isa = PBXBuildFile; fileRef = F0732F29855A4EE089F76599 /* PlayfairDisplay-Medium.ttf */; };
		36303A1B28D9B0910025F147 /* PlayfairDisplay-BlackItalic.ttf in Resources */ = {isa = PBXBuildFile; fileRef = 3FB1C4107AC3466188F02C93 /* PlayfairDisplay-BlackItalic.ttf */; };
		36303A1C28D9B0910025F147 /* PlayfairDisplay-SemiBoldItalic.ttf in Resources */ = {isa = PBXBuildFile; fileRef = 70541B4723CC4589BC286F20 /* PlayfairDisplay-SemiBoldItalic.ttf */; };
		36303A1D28D9B0910025F147 /* PlayfairDisplay-Bold.ttf in Resources */ = {isa = PBXBuildFile; fileRef = 5D604BD0BA9D4700B61615BC /* PlayfairDisplay-Bold.ttf */; };
		36303A1E28D9B0910025F147 /* PlayfairDisplay-Black.ttf in Resources */ = {isa = PBXBuildFile; fileRef = 0C60BDAB4BE94BBC97B83082 /* PlayfairDisplay-Black.ttf */; };
		36303A1F28D9B0910025F147 /* PlayfairDisplay-MediumItalic.ttf in Resources */ = {isa = PBXBuildFile; fileRef = F35AC701EC1A4C298B2B7BBD /* PlayfairDisplay-MediumItalic.ttf */; };
		36303A2028D9B0910025F147 /* PlayfairDisplay-ExtraBoldItalic.ttf in Resources */ = {isa = PBXBuildFile; fileRef = 61A8F5BA383445C59ADAA18A /* PlayfairDisplay-ExtraBoldItalic.ttf */; };
		363983F02C4DAB0400CBF3D1 /* gem.gif in Resources */ = {isa = PBXBuildFile; fileRef = 1C1D4EBADDFF449994F70A8F /* gem.gif */; };
		363983F12C4DAB0500CBF3D1 /* gem.gif in Resources */ = {isa = PBXBuildFile; fileRef = 1C1D4EBADDFF449994F70A8F /* gem.gif */; };
		367D65252BA9B4D5009270C3 /* InfoPlist.xcstrings in Resources */ = {isa = PBXBuildFile; fileRef = 367D65242BA9B4D5009270C3 /* InfoPlist.xcstrings */; };
		367D65262BA9B4D5009270C3 /* InfoPlist.xcstrings in Resources */ = {isa = PBXBuildFile; fileRef = 367D65242BA9B4D5009270C3 /* InfoPlist.xcstrings */; };
		367D65272BA9B4D5009270C3 /* InfoPlist.xcstrings in Resources */ = {isa = PBXBuildFile; fileRef = 367D65242BA9B4D5009270C3 /* InfoPlist.xcstrings */; };
		3690D88E2865064200A0F937 /* Images.xcassets in Resources */ = {isa = PBXBuildFile; fileRef = 3690D88D2865064200A0F937 /* Images.xcassets */; };
		3690D88F2865069800A0F937 /* Images.xcassets in Resources */ = {isa = PBXBuildFile; fileRef = 3690D88D2865064200A0F937 /* Images.xcassets */; };
		3690D8902865069900A0F937 /* Images.xcassets in Resources */ = {isa = PBXBuildFile; fileRef = 3690D88D2865064200A0F937 /* Images.xcassets */; };
		369FE7EA2BCE2DD400DDF580 /* PrivacyInfo.xcprivacy in Resources */ = {isa = PBXBuildFile; fileRef = 369FE7E92BCE2DD400DDF580 /* PrivacyInfo.xcprivacy */; };
		369FE7EB2BCE2DD400DDF580 /* PrivacyInfo.xcprivacy in Resources */ = {isa = PBXBuildFile; fileRef = 369FE7E92BCE2DD400DDF580 /* PrivacyInfo.xcprivacy */; };
		369FE7EC2BCE2DD400DDF580 /* PrivacyInfo.xcprivacy in Resources */ = {isa = PBXBuildFile; fileRef = 369FE7E92BCE2DD400DDF580 /* PrivacyInfo.xcprivacy */; };
		36A3687729E69FFD00B8E859 /* thumbs_up_silouette.png in Resources */ = {isa = PBXBuildFile; fileRef = 607182B0D44E4F54BA0D394B /* thumbs_up_silouette.png */; };
		36A3687929E69FFE00B8E859 /* thumbs_up_silouette.png in Resources */ = {isa = PBXBuildFile; fileRef = 607182B0D44E4F54BA0D394B /* thumbs_up_silouette.png */; };
		36B9FA1028625FFA00563812 /* AppDelegate.mm in Sources */ = {isa = PBXBuildFile; fileRef = 13B07FB01A68108700A75B9A /* AppDelegate.mm */; };
		36B9FA1128625FFA00563812 /* main.m in Sources */ = {isa = PBXBuildFile; fileRef = 13B07FB71A68108700A75B9A /* main.m */; };
		36B9FA1628625FFA00563812 /* LaunchScreen.storyboard in Resources */ = {isa = PBXBuildFile; fileRef = 81AB9BB72411601600AC10FF /* LaunchScreen.storyboard */; };
		36B9FA23286260E500563812 /* GoogleService-Info.plist in Resources */ = {isa = PBXBuildFile; fileRef = 36B9FA22286260E500563812 /* GoogleService-Info.plist */; };
		36C49FD228D8AA11001878A6 /* HKGrotesk-Regular.ttf in Resources */ = {isa = PBXBuildFile; fileRef = D4DC8D4A3FCD42879BD2D25D /* HKGrotesk-Regular.ttf */; };
		36C49FD328D8AA11001878A6 /* HKGrotesk-Thin.ttf in Resources */ = {isa = PBXBuildFile; fileRef = 6955B7D500CF486496F2FAC1 /* HKGrotesk-Thin.ttf */; };
		36C49FD428D8AA11001878A6 /* HKGrotesk-ThinItalic.ttf in Resources */ = {isa = PBXBuildFile; fileRef = D23A9D3469D04DCBA3B5B6DE /* HKGrotesk-ThinItalic.ttf */; };
		36C49FD528D8AA11001878A6 /* HKGrotesk-BlackItalic.ttf in Resources */ = {isa = PBXBuildFile; fileRef = 1F92E01E06E64E5F936FE9CB /* HKGrotesk-BlackItalic.ttf */; };
		36C49FD628D8AA11001878A6 /* HKGrotesk-ExtraBold.ttf in Resources */ = {isa = PBXBuildFile; fileRef = FDC97632AC9A41E683B57B63 /* HKGrotesk-ExtraBold.ttf */; };
		36C49FD728D8AA11001878A6 /* HKGrotesk-MediumItalic.ttf in Resources */ = {isa = PBXBuildFile; fileRef = E7B0369A69A5459EBF311F36 /* HKGrotesk-MediumItalic.ttf */; };
		36C49FD828D8AA11001878A6 /* HKGrotesk-LightItalic.ttf in Resources */ = {isa = PBXBuildFile; fileRef = CB7EF2B3981F4C15B5A80B41 /* HKGrotesk-LightItalic.ttf */; };
		36C49FD928D8AA11001878A6 /* HKGrotesk-Bold.ttf in Resources */ = {isa = PBXBuildFile; fileRef = A056520304664C35A018EACD /* HKGrotesk-Bold.ttf */; };
		36C49FDA28D8AA11001878A6 /* HKGrotesk-Medium.ttf in Resources */ = {isa = PBXBuildFile; fileRef = C7A9AC015F0444D78702CDB8 /* HKGrotesk-Medium.ttf */; };
		36C49FDB28D8AA11001878A6 /* HKGrotesk-ExtraLightItalic.ttf in Resources */ = {isa = PBXBuildFile; fileRef = EFA4006C7CCA4AB2B2917E80 /* HKGrotesk-ExtraLightItalic.ttf */; };
		36C49FDC28D8AA11001878A6 /* HKGrotesk-Italic.ttf in Resources */ = {isa = PBXBuildFile; fileRef = 141DCBF6D58B416E9DC98C69 /* HKGrotesk-Italic.ttf */; };
		36C49FDD28D8AA11001878A6 /* HKGrotesk-Light.ttf in Resources */ = {isa = PBXBuildFile; fileRef = 38098D4E3BE44FE192B788F7 /* HKGrotesk-Light.ttf */; };
		36C49FDE28D8AA11001878A6 /* HKGrotesk-SemiBold.ttf in Resources */ = {isa = PBXBuildFile; fileRef = 4668E18F3B364E8FBEE4855C /* HKGrotesk-SemiBold.ttf */; };
		36C49FDF28D8AA11001878A6 /* HKGrotesk-ExtraLight.ttf in Resources */ = {isa = PBXBuildFile; fileRef = BF33B8F1B88F43168FDB6B0F /* HKGrotesk-ExtraLight.ttf */; };
		36C49FE028D8AA11001878A6 /* HKGrotesk-SemiBoldItalic.ttf in Resources */ = {isa = PBXBuildFile; fileRef = 2F984EB2C23C413EAD170059 /* HKGrotesk-SemiBoldItalic.ttf */; };
		36C49FE128D8AA11001878A6 /* HKGrotesk-ExtraBoldItalic.ttf in Resources */ = {isa = PBXBuildFile; fileRef = F8B60BFB051E4200971A1E5D /* HKGrotesk-ExtraBoldItalic.ttf */; };
		36C49FE228D8AA11001878A6 /* HKGrotesk-Black.ttf in Resources */ = {isa = PBXBuildFile; fileRef = FF83EDE6720045869984C7B3 /* HKGrotesk-Black.ttf */; };
		36C49FE328D8AA11001878A6 /* HKGrotesk-BoldItalic.ttf in Resources */ = {isa = PBXBuildFile; fileRef = B8268BC6140D4234847163B1 /* HKGrotesk-BoldItalic.ttf */; };
		36C49FE428D8AA11001878A6 /* HKGrotesk-Regular.ttf in Resources */ = {isa = PBXBuildFile; fileRef = D4DC8D4A3FCD42879BD2D25D /* HKGrotesk-Regular.ttf */; };
		36C49FE528D8AA11001878A6 /* HKGrotesk-Thin.ttf in Resources */ = {isa = PBXBuildFile; fileRef = 6955B7D500CF486496F2FAC1 /* HKGrotesk-Thin.ttf */; };
		36C49FE628D8AA11001878A6 /* HKGrotesk-ThinItalic.ttf in Resources */ = {isa = PBXBuildFile; fileRef = D23A9D3469D04DCBA3B5B6DE /* HKGrotesk-ThinItalic.ttf */; };
		36C49FE728D8AA11001878A6 /* HKGrotesk-BlackItalic.ttf in Resources */ = {isa = PBXBuildFile; fileRef = 1F92E01E06E64E5F936FE9CB /* HKGrotesk-BlackItalic.ttf */; };
		36C49FE828D8AA11001878A6 /* HKGrotesk-ExtraBold.ttf in Resources */ = {isa = PBXBuildFile; fileRef = FDC97632AC9A41E683B57B63 /* HKGrotesk-ExtraBold.ttf */; };
		36C49FE928D8AA11001878A6 /* HKGrotesk-MediumItalic.ttf in Resources */ = {isa = PBXBuildFile; fileRef = E7B0369A69A5459EBF311F36 /* HKGrotesk-MediumItalic.ttf */; };
		36C49FEA28D8AA11001878A6 /* HKGrotesk-LightItalic.ttf in Resources */ = {isa = PBXBuildFile; fileRef = CB7EF2B3981F4C15B5A80B41 /* HKGrotesk-LightItalic.ttf */; };
		36C49FEB28D8AA11001878A6 /* HKGrotesk-Bold.ttf in Resources */ = {isa = PBXBuildFile; fileRef = A056520304664C35A018EACD /* HKGrotesk-Bold.ttf */; };
		36C49FEC28D8AA11001878A6 /* HKGrotesk-Medium.ttf in Resources */ = {isa = PBXBuildFile; fileRef = C7A9AC015F0444D78702CDB8 /* HKGrotesk-Medium.ttf */; };
		36C49FED28D8AA11001878A6 /* HKGrotesk-ExtraLightItalic.ttf in Resources */ = {isa = PBXBuildFile; fileRef = EFA4006C7CCA4AB2B2917E80 /* HKGrotesk-ExtraLightItalic.ttf */; };
		36C49FEE28D8AA11001878A6 /* HKGrotesk-Italic.ttf in Resources */ = {isa = PBXBuildFile; fileRef = 141DCBF6D58B416E9DC98C69 /* HKGrotesk-Italic.ttf */; };
		36C49FEF28D8AA11001878A6 /* HKGrotesk-Light.ttf in Resources */ = {isa = PBXBuildFile; fileRef = 38098D4E3BE44FE192B788F7 /* HKGrotesk-Light.ttf */; };
		36C49FF028D8AA11001878A6 /* HKGrotesk-SemiBold.ttf in Resources */ = {isa = PBXBuildFile; fileRef = 4668E18F3B364E8FBEE4855C /* HKGrotesk-SemiBold.ttf */; };
		36C49FF128D8AA11001878A6 /* HKGrotesk-ExtraLight.ttf in Resources */ = {isa = PBXBuildFile; fileRef = BF33B8F1B88F43168FDB6B0F /* HKGrotesk-ExtraLight.ttf */; };
		36C49FF228D8AA11001878A6 /* HKGrotesk-SemiBoldItalic.ttf in Resources */ = {isa = PBXBuildFile; fileRef = 2F984EB2C23C413EAD170059 /* HKGrotesk-SemiBoldItalic.ttf */; };
		36C49FF328D8AA11001878A6 /* HKGrotesk-ExtraBoldItalic.ttf in Resources */ = {isa = PBXBuildFile; fileRef = F8B60BFB051E4200971A1E5D /* HKGrotesk-ExtraBoldItalic.ttf */; };
		36C49FF428D8AA11001878A6 /* HKGrotesk-Black.ttf in Resources */ = {isa = PBXBuildFile; fileRef = FF83EDE6720045869984C7B3 /* HKGrotesk-Black.ttf */; };
		36C49FF528D8AA11001878A6 /* HKGrotesk-BoldItalic.ttf in Resources */ = {isa = PBXBuildFile; fileRef = B8268BC6140D4234847163B1 /* HKGrotesk-BoldItalic.ttf */; };
		36D3CDC22B8369ED00F38B66 /* thumbs_down.png in Resources */ = {isa = PBXBuildFile; fileRef = 1BC355725EE5434FA0836C9F /* thumbs_down.png */; };
		36D3CDC32B8369EE00F38B66 /* thumbs_down.png in Resources */ = {isa = PBXBuildFile; fileRef = 1BC355725EE5434FA0836C9F /* thumbs_down.png */; };
		36D3CDC82B836B4B00F38B66 /* thumbs_down_silouette.png in Resources */ = {isa = PBXBuildFile; fileRef = 2587FCC5B84C4027BBAB880B /* thumbs_down_silouette.png */; };
		36D3CDC92B836B4C00F38B66 /* thumbs_down_silouette.png in Resources */ = {isa = PBXBuildFile; fileRef = 2587FCC5B84C4027BBAB880B /* thumbs_down_silouette.png */; };
		36EE4A0D29EE919900795841 /* onboarding_person2.mp4 in Resources */ = {isa = PBXBuildFile; fileRef = B6008BB1F74B44A6834189D2 /* onboarding_person2.mp4 */; };
		36EE4A0E29EE919900795841 /* clouds.mp4 in Resources */ = {isa = PBXBuildFile; fileRef = 9F96356237624EFF865AE911 /* clouds.mp4 */; };
		36EE4A0F29EE919900795841 /* onboarding_person1.mp4 in Resources */ = {isa = PBXBuildFile; fileRef = 886DE006BDE2419C9A28CA55 /* onboarding_person1.mp4 */; };
		36EE4A1029EE919900795841 /* onboarding_person3.mp4 in Resources */ = {isa = PBXBuildFile; fileRef = 5E65577751A442C9A89337E6 /* onboarding_person3.mp4 */; };
		36EE4A1129EE919A00795841 /* onboarding_person2.mp4 in Resources */ = {isa = PBXBuildFile; fileRef = B6008BB1F74B44A6834189D2 /* onboarding_person2.mp4 */; };
		36EE4A1229EE919A00795841 /* clouds.mp4 in Resources */ = {isa = PBXBuildFile; fileRef = 9F96356237624EFF865AE911 /* clouds.mp4 */; };
		36EE4A1329EE919A00795841 /* onboarding_person1.mp4 in Resources */ = {isa = PBXBuildFile; fileRef = 886DE006BDE2419C9A28CA55 /* onboarding_person1.mp4 */; };
		36EE4A1429EE919A00795841 /* onboarding_person3.mp4 in Resources */ = {isa = PBXBuildFile; fileRef = 5E65577751A442C9A89337E6 /* onboarding_person3.mp4 */; };
		36EE4A1729EE973900795841 /* community.jpg in Resources */ = {isa = PBXBuildFile; fileRef = 11C7F314F4714C2F8F532671 /* community.jpg */; };
		36EE4A1829EE973A00795841 /* community.jpg in Resources */ = {isa = PBXBuildFile; fileRef = 11C7F314F4714C2F8F532671 /* community.jpg */; };
		389B54A26CD447569B799C13 /* HKGrotesk-BlackItalic.ttf in Resources */ = {isa = PBXBuildFile; fileRef = 1F92E01E06E64E5F936FE9CB /* HKGrotesk-BlackItalic.ttf */; };
		3CB0510228624EBF009F0527 /* GoogleService-Info.plist in Resources */ = {isa = PBXBuildFile; fileRef = 20A763052861E2FE0007087C /* GoogleService-Info.plist */; };
		4165E584BCCE4696A369367F /* onboarding_person2.mp4 in Resources */ = {isa = PBXBuildFile; fileRef = B6008BB1F74B44A6834189D2 /* onboarding_person2.mp4 */; };
		46CD5A7405F7418BB481C2F7 /* HKGrotesk-ExtraLight.ttf in Resources */ = {isa = PBXBuildFile; fileRef = BF33B8F1B88F43168FDB6B0F /* HKGrotesk-ExtraLight.ttf */; };
		4858360232814D29A1F6513D /* HKGrotesk-Black.ttf in Resources */ = {isa = PBXBuildFile; fileRef = FF83EDE6720045869984C7B3 /* HKGrotesk-Black.ttf */; };
		4A94D31420464CDCB3B29A4A /* HKGrotesk-ExtraLightItalic.ttf in Resources */ = {isa = PBXBuildFile; fileRef = EFA4006C7CCA4AB2B2917E80 /* HKGrotesk-ExtraLightItalic.ttf */; };
		4B72FCA287A94CC2BAB57E64 /* PlayfairDisplay-BoldItalic.ttf in Resources */ = {isa = PBXBuildFile; fileRef = A25751351AC74C9899C05A2B /* PlayfairDisplay-BoldItalic.ttf */; };
		5DB405A75D724943AEF04D2E /* PlayfairDisplay-ExtraBoldItalic.ttf in Resources */ = {isa = PBXBuildFile; fileRef = 61A8F5BA383445C59ADAA18A /* PlayfairDisplay-ExtraBoldItalic.ttf */; };
		603DFC37750546B786EF64E1 /* HKGrotesk-Regular.ttf in Resources */ = {isa = PBXBuildFile; fileRef = D4DC8D4A3FCD42879BD2D25D /* HKGrotesk-Regular.ttf */; };
		61AF23D5BAF44C79B8C88620 /* PlayfairDisplay-Black.ttf in Resources */ = {isa = PBXBuildFile; fileRef = 0C60BDAB4BE94BBC97B83082 /* PlayfairDisplay-Black.ttf */; };
		69313C85A6144E188A656F1B /* emoji_grinning.png in Resources */ = {isa = PBXBuildFile; fileRef = BA0C869358D3406BBB820DCD /* emoji_grinning.png */; };
		6C4AAC59C1E14B75BF46AE59 /* PlayfairDisplay-Italic.ttf in Resources */ = {isa = PBXBuildFile; fileRef = 64EC0C45BF0040A2AEAB9C0F /* PlayfairDisplay-Italic.ttf */; };
		6CCB426AB87A49E596107039 /* HKGrotesk-Bold.ttf in Resources */ = {isa = PBXBuildFile; fileRef = A056520304664C35A018EACD /* HKGrotesk-Bold.ttf */; };
		703B7B72A48842758EC19F1D /* forest.jpg in Resources */ = {isa = PBXBuildFile; fileRef = F7F60DFD1E4B498AA08A6194 /* forest.jpg */; };
		7880A5142862029F0063B482 /* AppDelegate.mm in Sources */ = {isa = PBXBuildFile; fileRef = 13B07FB01A68108700A75B9A /* AppDelegate.mm */; };
		7880A5152862029F0063B482 /* main.m in Sources */ = {isa = PBXBuildFile; fileRef = 13B07FB71A68108700A75B9A /* main.m */; };
		7880A5192862029F0063B482 /* LaunchScreen.storyboard in Resources */ = {isa = PBXBuildFile; fileRef = 81AB9BB72411601600AC10FF /* LaunchScreen.storyboard */; };
		7880A529286204820063B482 /* GoogleService-Info.plist in Resources */ = {isa = PBXBuildFile; fileRef = 7880A527286204620063B482 /* GoogleService-Info.plist */; };
		81AB9BB82411601600AC10FF /* LaunchScreen.storyboard in Resources */ = {isa = PBXBuildFile; fileRef = 81AB9BB72411601600AC10FF /* LaunchScreen.storyboard */; };
		8727A0AB20AF410ABD115722 /* thumbs_up_silouette.png in Resources */ = {isa = PBXBuildFile; fileRef = 7697D543D27245AFB5F40FE5 /* thumbs_up_silouette.png */; };
		8A43D0260D4F4E1F9DACF13F /* onboarding_person3.mp4 in Resources */ = {isa = PBXBuildFile; fileRef = 5E65577751A442C9A89337E6 /* onboarding_person3.mp4 */; };
		8EA1C749FD07419CAFAC8F1E /* PlayfairDisplay-BlackItalic.ttf in Resources */ = {isa = PBXBuildFile; fileRef = 3FB1C4107AC3466188F02C93 /* PlayfairDisplay-BlackItalic.ttf */; };
		91707B13D087086014186A03 /* Pods_twentyninek_dev.framework in Frameworks */ = {isa = PBXBuildFile; fileRef = CB2FB17730DE42788F7C6C72 /* Pods_twentyninek_dev.framework */; };
		98BF7BD01AC94730A9EBBCF8 /* HKGrotesk-Italic.ttf in Resources */ = {isa = PBXBuildFile; fileRef = 141DCBF6D58B416E9DC98C69 /* HKGrotesk-Italic.ttf */; };
		9FAB75AE36C241759B2D6102 /* HKGrotesk-MediumItalic.ttf in Resources */ = {isa = PBXBuildFile; fileRef = E7B0369A69A5459EBF311F36 /* HKGrotesk-MediumItalic.ttf */; };
		A004DA0332A84139837B70E3 /* HKGrotesk-ExtraBold.ttf in Resources */ = {isa = PBXBuildFile; fileRef = FDC97632AC9A41E683B57B63 /* HKGrotesk-ExtraBold.ttf */; };
		A0396F9773F344FE8F381035 /* HKGrotesk-ExtraBoldItalic.ttf in Resources */ = {isa = PBXBuildFile; fileRef = F8B60BFB051E4200971A1E5D /* HKGrotesk-ExtraBoldItalic.ttf */; };
		A2D0FF0B865E4996AAAEED8C /* PlayfairDisplay-SemiBold.ttf in Resources */ = {isa = PBXBuildFile; fileRef = 47BAB9D11CC441EE8D9AD069 /* PlayfairDisplay-SemiBold.ttf */; };
		B59EAF6734BF44C49B98065D /* thumbs_down.png in Resources */ = {isa = PBXBuildFile; fileRef = 1BC355725EE5434FA0836C9F /* thumbs_down.png */; };
		BA94C0F7A9A24B15A631D72B /* emoji_anxious.png in Resources */ = {isa = PBXBuildFile; fileRef = AC3478987B5D4523842A8EBF /* emoji_anxious.png */; };
		CC00E8A87ADB412797C6FF99 /* clouds.mp4 in Resources */ = {isa = PBXBuildFile; fileRef = 9F96356237624EFF865AE911 /* clouds.mp4 */; };
		CD86BEA31AC24020B0EDF7F9 /* HKGrotesk-Medium.ttf in Resources */ = {isa = PBXBuildFile; fileRef = C7A9AC015F0444D78702CDB8 /* HKGrotesk-Medium.ttf */; };
		D27C808E13974943B12A51A1 /* HKGrotesk-Light.ttf in Resources */ = {isa = PBXBuildFile; fileRef = 38098D4E3BE44FE192B788F7 /* HKGrotesk-Light.ttf */; };
		F7A5A4715A27415A8B5D1A4D /* emoji_smiling.png in Resources */ = {isa = PBXBuildFile; fileRef = E46A3E30BB244120BC8F9CA9 /* emoji_smiling.png */; };
		F972E6872EEC4680BFA871D4 /* PlayfairDisplay-Bold.ttf in Resources */ = {isa = PBXBuildFile; fileRef = 5D604BD0BA9D4700B61615BC /* PlayfairDisplay-Bold.ttf */; };
		FB406F7E72B143368045E1E2 /* PlayfairDisplay-SemiBoldItalic.ttf in Resources */ = {isa = PBXBuildFile; fileRef = 70541B4723CC4589BC286F20 /* PlayfairDisplay-SemiBoldItalic.ttf */; };
		FCDDAFDDFE4F4A1FABA34E33 /* HKGrotesk-Thin.ttf in Resources */ = {isa = PBXBuildFile; fileRef = 6955B7D500CF486496F2FAC1 /* HKGrotesk-Thin.ttf */; };
		FF3F319A6B6F454CB98D805C /* HKGrotesk-LightItalic.ttf in Resources */ = {isa = PBXBuildFile; fileRef = CB7EF2B3981F4C15B5A80B41 /* HKGrotesk-LightItalic.ttf */; };
/* End PBXBuildFile section */

/* Begin PBXFileReference section */
		0C60BDAB4BE94BBC97B83082 /* PlayfairDisplay-Black.ttf */ = {isa = PBXFileReference; explicitFileType = undefined; fileEncoding = 9; includeInIndex = 0; lastKnownFileType = unknown; name = "PlayfairDisplay-Black.ttf"; path = "../src/assets/fonts/PlayfairDisplay-Black.ttf"; sourceTree = "<group>"; };
		11C7F314F4714C2F8F532671 /* community.jpg */ = {isa = PBXFileReference; explicitFileType = undefined; fileEncoding = 9; includeInIndex = 0; lastKnownFileType = unknown; name = community.jpg; path = ../src/assets/images/community.jpg; sourceTree = "<group>"; };
		12A592D3B045465ABD8A445D /* thumbs_up.png */ = {isa = PBXFileReference; explicitFileType = undefined; fileEncoding = 9; includeInIndex = 0; lastKnownFileType = unknown; name = thumbs_up.png; path = ../src/assets/images/thumbs_up.png; sourceTree = "<group>"; };
		13B07F961A680F5B00A75B9A /* production.app */ = {isa = PBXFileReference; explicitFileType = wrapper.application; includeInIndex = 0; path = production.app; sourceTree = BUILT_PRODUCTS_DIR; };
		13B07FAF1A68108700A75B9A /* AppDelegate.h */ = {isa = PBXFileReference; fileEncoding = 4; lastKnownFileType = sourcecode.c.h; name = AppDelegate.h; path = twentyninek/AppDelegate.h; sourceTree = "<group>"; };
		13B07FB01A68108700A75B9A /* AppDelegate.mm */ = {isa = PBXFileReference; fileEncoding = 4; lastKnownFileType = sourcecode.cpp.objcpp; name = AppDelegate.mm; path = twentyninek/AppDelegate.mm; sourceTree = "<group>"; };
		13B07FB71A68108700A75B9A /* main.m */ = {isa = PBXFileReference; fileEncoding = 4; lastKnownFileType = sourcecode.c.objc; name = main.m; path = twentyninek/main.m; sourceTree = "<group>"; };
		141DCBF6D58B416E9DC98C69 /* HKGrotesk-Italic.ttf */ = {isa = PBXFileReference; explicitFileType = undefined; fileEncoding = 9; includeInIndex = 0; lastKnownFileType = unknown; name = "HKGrotesk-Italic.ttf"; path = "../src/assets/fonts/HKGrotesk-Italic.ttf"; sourceTree = "<group>"; };
		1BC355725EE5434FA0836C9F /* thumbs_down.png */ = {isa = PBXFileReference; explicitFileType = undefined; fileEncoding = 9; includeInIndex = 0; lastKnownFileType = unknown; name = thumbs_down.png; path = ../src/assets/images/thumbs_down.png; sourceTree = "<group>"; };
		1C1D4EBADDFF449994F70A8F /* gem.gif */ = {isa = PBXFileReference; explicitFileType = undefined; fileEncoding = 9; includeInIndex = 0; lastKnownFileType = unknown; name = gem.gif; path = ../src/assets/images/gem.gif; sourceTree = "<group>"; };
		1F92E01E06E64E5F936FE9CB /* HKGrotesk-BlackItalic.ttf */ = {isa = PBXFileReference; explicitFileType = undefined; fileEncoding = 9; includeInIndex = 0; lastKnownFileType = unknown; name = "HKGrotesk-BlackItalic.ttf"; path = "../src/assets/fonts/HKGrotesk-BlackItalic.ttf"; sourceTree = "<group>"; };
		20A763052861E2FE0007087C /* GoogleService-Info.plist */ = {isa = PBXFileReference; fileEncoding = 4; lastKnownFileType = text.plist.xml; path = "GoogleService-Info.plist"; sourceTree = "<group>"; };
		20AC302A29B612980083FDD0 /* VideoLooperView.swift */ = {isa = PBXFileReference; lastKnownFileType = sourcecode.swift; path = VideoLooperView.swift; sourceTree = "<group>"; };
		20AC302E29B612F40083FDD0 /* VideoLooperManager.m */ = {isa = PBXFileReference; lastKnownFileType = sourcecode.c.objc; path = VideoLooperManager.m; sourceTree = "<group>"; };
		20AC303429B6146F0083FDD0 /* VideoLooperManager.swift */ = {isa = PBXFileReference; lastKnownFileType = sourcecode.swift; path = VideoLooperManager.swift; sourceTree = "<group>"; };
		20AC303829B614FB0083FDD0 /* VideoLooper-Bridging-Header.h */ = {isa = PBXFileReference; lastKnownFileType = sourcecode.c.h; path = "VideoLooper-Bridging-Header.h"; sourceTree = "<group>"; };
		2587FCC5B84C4027BBAB880B /* thumbs_down_silouette.png */ = {isa = PBXFileReference; explicitFileType = undefined; fileEncoding = 9; includeInIndex = 0; lastKnownFileType = unknown; name = thumbs_down_silouette.png; path = ../src/assets/images/thumbs_down_silouette.png; sourceTree = "<group>"; };
		2F984EB2C23C413EAD170059 /* HKGrotesk-SemiBoldItalic.ttf */ = {isa = PBXFileReference; explicitFileType = undefined; fileEncoding = 9; includeInIndex = 0; lastKnownFileType = unknown; name = "HKGrotesk-SemiBoldItalic.ttf"; path = "../src/assets/fonts/HKGrotesk-SemiBoldItalic.ttf"; sourceTree = "<group>"; };
		35E0C7EB316048939A75C305 /* PlayfairDisplay-Regular.ttf */ = {isa = PBXFileReference; explicitFileType = undefined; fileEncoding = 9; includeInIndex = 0; lastKnownFileType = unknown; name = "PlayfairDisplay-Regular.ttf"; path = "../src/assets/fonts/PlayfairDisplay-Regular.ttf"; sourceTree = "<group>"; };
		367D65242BA9B4D5009270C3 /* InfoPlist.xcstrings */ = {isa = PBXFileReference; lastKnownFileType = text.json.xcstrings; path = InfoPlist.xcstrings; sourceTree = "<group>"; };
		3690D88D2865064200A0F937 /* Images.xcassets */ = {isa = PBXFileReference; lastKnownFileType = folder.assetcatalog; name = Images.xcassets; path = twentyninek/Images.xcassets; sourceTree = "<group>"; };
		369FE7E92BCE2DD400DDF580 /* PrivacyInfo.xcprivacy */ = {isa = PBXFileReference; lastKnownFileType = text.xml; path = PrivacyInfo.xcprivacy; sourceTree = "<group>"; };
		36ADA2EE28FF3F04003294E1 /* production.entitlements */ = {isa = PBXFileReference; lastKnownFileType = text.plist.entitlements; path = production.entitlements; sourceTree = "<group>"; };
		36ADA2EF28FF3F07003294E1 /* staging.entitlements */ = {isa = PBXFileReference; lastKnownFileType = text.plist.entitlements; path = staging.entitlements; sourceTree = "<group>"; };
		36ADA2F028FF3F0A003294E1 /* dev.entitlements */ = {isa = PBXFileReference; lastKnownFileType = text.plist.entitlements; path = dev.entitlements; sourceTree = "<group>"; };
		36B9FA1F28625FFA00563812 /* dev.app */ = {isa = PBXFileReference; explicitFileType = wrapper.application; includeInIndex = 0; path = dev.app; sourceTree = BUILT_PRODUCTS_DIR; };
		36B9FA22286260E500563812 /* GoogleService-Info.plist */ = {isa = PBXFileReference; fileEncoding = 4; lastKnownFileType = text.plist.xml; path = "GoogleService-Info.plist"; sourceTree = "<group>"; };
		38098D4E3BE44FE192B788F7 /* HKGrotesk-Light.ttf */ = {isa = PBXFileReference; explicitFileType = undefined; fileEncoding = 9; includeInIndex = 0; lastKnownFileType = unknown; name = "HKGrotesk-Light.ttf"; path = "../src/assets/fonts/HKGrotesk-Light.ttf"; sourceTree = "<group>"; };
		3FB1C4107AC3466188F02C93 /* PlayfairDisplay-BlackItalic.ttf */ = {isa = PBXFileReference; explicitFileType = undefined; fileEncoding = 9; includeInIndex = 0; lastKnownFileType = unknown; name = "PlayfairDisplay-BlackItalic.ttf"; path = "../src/assets/fonts/PlayfairDisplay-BlackItalic.ttf"; sourceTree = "<group>"; };
		4668E18F3B364E8FBEE4855C /* HKGrotesk-SemiBold.ttf */ = {isa = PBXFileReference; explicitFileType = undefined; fileEncoding = 9; includeInIndex = 0; lastKnownFileType = unknown; name = "HKGrotesk-SemiBold.ttf"; path = "../src/assets/fonts/HKGrotesk-SemiBold.ttf"; sourceTree = "<group>"; };
		47BAB9D11CC441EE8D9AD069 /* PlayfairDisplay-SemiBold.ttf */ = {isa = PBXFileReference; explicitFileType = undefined; fileEncoding = 9; includeInIndex = 0; lastKnownFileType = unknown; name = "PlayfairDisplay-SemiBold.ttf"; path = "../src/assets/fonts/PlayfairDisplay-SemiBold.ttf"; sourceTree = "<group>"; };
		4E147E041E9E97139D1247A2 /* Pods-twentyninek-production.release.xcconfig */ = {isa = PBXFileReference; includeInIndex = 1; lastKnownFileType = text.xcconfig; name = "Pods-twentyninek-production.release.xcconfig"; path = "Target Support Files/Pods-twentyninek-production/Pods-twentyninek-production.release.xcconfig"; sourceTree = "<group>"; };
		5D604BD0BA9D4700B61615BC /* PlayfairDisplay-Bold.ttf */ = {isa = PBXFileReference; explicitFileType = undefined; fileEncoding = 9; includeInIndex = 0; lastKnownFileType = unknown; name = "PlayfairDisplay-Bold.ttf"; path = "../src/assets/fonts/PlayfairDisplay-Bold.ttf"; sourceTree = "<group>"; };
		5E65577751A442C9A89337E6 /* onboarding_person3.mp4 */ = {isa = PBXFileReference; explicitFileType = undefined; fileEncoding = 9; includeInIndex = 0; lastKnownFileType = unknown; name = onboarding_person3.mp4; path = ../src/assets/videos/onboarding_person3.mp4; sourceTree = "<group>"; };
		607182B0D44E4F54BA0D394B /* thumbs_up_silouette.png */ = {isa = PBXFileReference; explicitFileType = undefined; fileEncoding = 9; includeInIndex = 0; lastKnownFileType = unknown; name = thumbs_up_silouette.png; path = ../src/assets/images/thumbs_up_silouette.png; sourceTree = "<group>"; };
		6131A6244FE813E921497060 /* Pods-twentyninek-dev.debug.xcconfig */ = {isa = PBXFileReference; includeInIndex = 1; lastKnownFileType = text.xcconfig; name = "Pods-twentyninek-dev.debug.xcconfig"; path = "Target Support Files/Pods-twentyninek-dev/Pods-twentyninek-dev.debug.xcconfig"; sourceTree = "<group>"; };
		61A8F5BA383445C59ADAA18A /* PlayfairDisplay-ExtraBoldItalic.ttf */ = {isa = PBXFileReference; explicitFileType = undefined; fileEncoding = 9; includeInIndex = 0; lastKnownFileType = unknown; name = "PlayfairDisplay-ExtraBoldItalic.ttf"; path = "../src/assets/fonts/PlayfairDisplay-ExtraBoldItalic.ttf"; sourceTree = "<group>"; };
		64EC0C45BF0040A2AEAB9C0F /* PlayfairDisplay-Italic.ttf */ = {isa = PBXFileReference; explicitFileType = undefined; fileEncoding = 9; includeInIndex = 0; lastKnownFileType = unknown; name = "PlayfairDisplay-Italic.ttf"; path = "../src/assets/fonts/PlayfairDisplay-Italic.ttf"; sourceTree = "<group>"; };
		6955B7D500CF486496F2FAC1 /* HKGrotesk-Thin.ttf */ = {isa = PBXFileReference; explicitFileType = undefined; fileEncoding = 9; includeInIndex = 0; lastKnownFileType = unknown; name = "HKGrotesk-Thin.ttf"; path = "../src/assets/fonts/HKGrotesk-Thin.ttf"; sourceTree = "<group>"; };
		70541B4723CC4589BC286F20 /* PlayfairDisplay-SemiBoldItalic.ttf */ = {isa = PBXFileReference; explicitFileType = undefined; fileEncoding = 9; includeInIndex = 0; lastKnownFileType = unknown; name = "PlayfairDisplay-SemiBoldItalic.ttf"; path = "../src/assets/fonts/PlayfairDisplay-SemiBoldItalic.ttf"; sourceTree = "<group>"; };
		724C1D3DD8806CC90036F454 /* Pods-twentyninek-staging.debug.xcconfig */ = {isa = PBXFileReference; includeInIndex = 1; lastKnownFileType = text.xcconfig; name = "Pods-twentyninek-staging.debug.xcconfig"; path = "Target Support Files/Pods-twentyninek-staging/Pods-twentyninek-staging.debug.xcconfig"; sourceTree = "<group>"; };
		7697D543D27245AFB5F40FE5 /* thumbs_up_silouette.png */ = {isa = PBXFileReference; explicitFileType = undefined; fileEncoding = 9; includeInIndex = 0; lastKnownFileType = unknown; name = thumbs_up_silouette.png; path = ../src/assets/images/thumbs_up_silouette.png; sourceTree = "<group>"; };
		7880A5222862029F0063B482 /* staging.app */ = {isa = PBXFileReference; explicitFileType = wrapper.application; includeInIndex = 0; path = staging.app; sourceTree = BUILT_PRODUCTS_DIR; };
		7880A527286204620063B482 /* GoogleService-Info.plist */ = {isa = PBXFileReference; fileEncoding = 4; lastKnownFileType = text.plist.xml; path = "GoogleService-Info.plist"; sourceTree = "<group>"; };
		7880A52A286204B90063B482 /* Info.plist */ = {isa = PBXFileReference; lastKnownFileType = text.plist.xml; path = Info.plist; sourceTree = "<group>"; };
		81AB9BB72411601600AC10FF /* LaunchScreen.storyboard */ = {isa = PBXFileReference; fileEncoding = 4; lastKnownFileType = file.storyboard; name = LaunchScreen.storyboard; path = twentyninek/LaunchScreen.storyboard; sourceTree = "<group>"; };
		886DE006BDE2419C9A28CA55 /* onboarding_person1.mp4 */ = {isa = PBXFileReference; explicitFileType = undefined; fileEncoding = 9; includeInIndex = 0; lastKnownFileType = unknown; name = onboarding_person1.mp4; path = ../src/assets/videos/onboarding_person1.mp4; sourceTree = "<group>"; };
		9125A5457290C8D3A7FEA312 /* Pods-twentyninek-production.debug.xcconfig */ = {isa = PBXFileReference; includeInIndex = 1; lastKnownFileType = text.xcconfig; name = "Pods-twentyninek-production.debug.xcconfig"; path = "Target Support Files/Pods-twentyninek-production/Pods-twentyninek-production.debug.xcconfig"; sourceTree = "<group>"; };
		9F96356237624EFF865AE911 /* clouds.mp4 */ = {isa = PBXFileReference; explicitFileType = undefined; fileEncoding = 9; includeInIndex = 0; lastKnownFileType = unknown; name = clouds.mp4; path = ../src/assets/videos/clouds.mp4; sourceTree = "<group>"; };
		A056520304664C35A018EACD /* HKGrotesk-Bold.ttf */ = {isa = PBXFileReference; explicitFileType = undefined; fileEncoding = 9; includeInIndex = 0; lastKnownFileType = unknown; name = "HKGrotesk-Bold.ttf"; path = "../src/assets/fonts/HKGrotesk-Bold.ttf"; sourceTree = "<group>"; };
		A25751351AC74C9899C05A2B /* PlayfairDisplay-BoldItalic.ttf */ = {isa = PBXFileReference; explicitFileType = undefined; fileEncoding = 9; includeInIndex = 0; lastKnownFileType = unknown; name = "PlayfairDisplay-BoldItalic.ttf"; path = "../src/assets/fonts/PlayfairDisplay-BoldItalic.ttf"; sourceTree = "<group>"; };
		A4424CD13542A217DE04DCF6 /* Pods-twentyninek-dev.release.xcconfig */ = {isa = PBXFileReference; includeInIndex = 1; lastKnownFileType = text.xcconfig; name = "Pods-twentyninek-dev.release.xcconfig"; path = "Target Support Files/Pods-twentyninek-dev/Pods-twentyninek-dev.release.xcconfig"; sourceTree = "<group>"; };
		AC3478987B5D4523842A8EBF /* emoji_anxious.png */ = {isa = PBXFileReference; explicitFileType = undefined; fileEncoding = 9; includeInIndex = 0; lastKnownFileType = unknown; name = emoji_anxious.png; path = ../src/assets/images/emoji_anxious.png; sourceTree = "<group>"; };
		B6008BB1F74B44A6834189D2 /* onboarding_person2.mp4 */ = {isa = PBXFileReference; explicitFileType = undefined; fileEncoding = 9; includeInIndex = 0; lastKnownFileType = unknown; name = onboarding_person2.mp4; path = ../src/assets/videos/onboarding_person2.mp4; sourceTree = "<group>"; };
		B8268BC6140D4234847163B1 /* HKGrotesk-BoldItalic.ttf */ = {isa = PBXFileReference; explicitFileType = undefined; fileEncoding = 9; includeInIndex = 0; lastKnownFileType = unknown; name = "HKGrotesk-BoldItalic.ttf"; path = "../src/assets/fonts/HKGrotesk-BoldItalic.ttf"; sourceTree = "<group>"; };
		B969669E9C09454993930592 /* PlayfairDisplay-ExtraBold.ttf */ = {isa = PBXFileReference; explicitFileType = undefined; fileEncoding = 9; includeInIndex = 0; lastKnownFileType = unknown; name = "PlayfairDisplay-ExtraBold.ttf"; path = "../src/assets/fonts/PlayfairDisplay-ExtraBold.ttf"; sourceTree = "<group>"; };
		BA0C869358D3406BBB820DCD /* emoji_grinning.png */ = {isa = PBXFileReference; explicitFileType = undefined; fileEncoding = 9; includeInIndex = 0; lastKnownFileType = unknown; name = emoji_grinning.png; path = ../src/assets/images/emoji_grinning.png; sourceTree = "<group>"; };
		BF33B8F1B88F43168FDB6B0F /* HKGrotesk-ExtraLight.ttf */ = {isa = PBXFileReference; explicitFileType = undefined; fileEncoding = 9; includeInIndex = 0; lastKnownFileType = unknown; name = "HKGrotesk-ExtraLight.ttf"; path = "../src/assets/fonts/HKGrotesk-ExtraLight.ttf"; sourceTree = "<group>"; };
		C781AF05E8AE0C9E532DF550 /* Pods_twentyninek_staging.framework */ = {isa = PBXFileReference; explicitFileType = wrapper.framework; includeInIndex = 0; path = Pods_twentyninek_staging.framework; sourceTree = BUILT_PRODUCTS_DIR; };
		C7A9AC015F0444D78702CDB8 /* HKGrotesk-Medium.ttf */ = {isa = PBXFileReference; explicitFileType = undefined; fileEncoding = 9; includeInIndex = 0; lastKnownFileType = unknown; name = "HKGrotesk-Medium.ttf"; path = "../src/assets/fonts/HKGrotesk-Medium.ttf"; sourceTree = "<group>"; };
		CB2FB17730DE42788F7C6C72 /* Pods_twentyninek_dev.framework */ = {isa = PBXFileReference; explicitFileType = wrapper.framework; includeInIndex = 0; path = Pods_twentyninek_dev.framework; sourceTree = BUILT_PRODUCTS_DIR; };
		CB7EF2B3981F4C15B5A80B41 /* HKGrotesk-LightItalic.ttf */ = {isa = PBXFileReference; explicitFileType = undefined; fileEncoding = 9; includeInIndex = 0; lastKnownFileType = unknown; name = "HKGrotesk-LightItalic.ttf"; path = "../src/assets/fonts/HKGrotesk-LightItalic.ttf"; sourceTree = "<group>"; };
		D23A9D3469D04DCBA3B5B6DE /* HKGrotesk-ThinItalic.ttf */ = {isa = PBXFileReference; explicitFileType = undefined; fileEncoding = 9; includeInIndex = 0; lastKnownFileType = unknown; name = "HKGrotesk-ThinItalic.ttf"; path = "../src/assets/fonts/HKGrotesk-ThinItalic.ttf"; sourceTree = "<group>"; };
		D4DC8D4A3FCD42879BD2D25D /* HKGrotesk-Regular.ttf */ = {isa = PBXFileReference; explicitFileType = undefined; fileEncoding = 9; includeInIndex = 0; lastKnownFileType = unknown; name = "HKGrotesk-Regular.ttf"; path = "../src/assets/fonts/HKGrotesk-Regular.ttf"; sourceTree = "<group>"; };
		DF8BC7144D5753CEE68345B3 /* Pods-twentyninek-staging.release.xcconfig */ = {isa = PBXFileReference; includeInIndex = 1; lastKnownFileType = text.xcconfig; name = "Pods-twentyninek-staging.release.xcconfig"; path = "Target Support Files/Pods-twentyninek-staging/Pods-twentyninek-staging.release.xcconfig"; sourceTree = "<group>"; };
		E46A3E30BB244120BC8F9CA9 /* emoji_smiling.png */ = {isa = PBXFileReference; explicitFileType = undefined; fileEncoding = 9; includeInIndex = 0; lastKnownFileType = unknown; name = emoji_smiling.png; path = ../src/assets/images/emoji_smiling.png; sourceTree = "<group>"; };
		E7B0369A69A5459EBF311F36 /* HKGrotesk-MediumItalic.ttf */ = {isa = PBXFileReference; explicitFileType = undefined; fileEncoding = 9; includeInIndex = 0; lastKnownFileType = unknown; name = "HKGrotesk-MediumItalic.ttf"; path = "../src/assets/fonts/HKGrotesk-MediumItalic.ttf"; sourceTree = "<group>"; };
		ED297162215061F000B7C4FE /* JavaScriptCore.framework */ = {isa = PBXFileReference; lastKnownFileType = wrapper.framework; name = JavaScriptCore.framework; path = System/Library/Frameworks/JavaScriptCore.framework; sourceTree = SDKROOT; };
		EFA4006C7CCA4AB2B2917E80 /* HKGrotesk-ExtraLightItalic.ttf */ = {isa = PBXFileReference; explicitFileType = undefined; fileEncoding = 9; includeInIndex = 0; lastKnownFileType = unknown; name = "HKGrotesk-ExtraLightItalic.ttf"; path = "../src/assets/fonts/HKGrotesk-ExtraLightItalic.ttf"; sourceTree = "<group>"; };
		F0732F29855A4EE089F76599 /* PlayfairDisplay-Medium.ttf */ = {isa = PBXFileReference; explicitFileType = undefined; fileEncoding = 9; includeInIndex = 0; lastKnownFileType = unknown; name = "PlayfairDisplay-Medium.ttf"; path = "../src/assets/fonts/PlayfairDisplay-Medium.ttf"; sourceTree = "<group>"; };
		F35AC701EC1A4C298B2B7BBD /* PlayfairDisplay-MediumItalic.ttf */ = {isa = PBXFileReference; explicitFileType = undefined; fileEncoding = 9; includeInIndex = 0; lastKnownFileType = unknown; name = "PlayfairDisplay-MediumItalic.ttf"; path = "../src/assets/fonts/PlayfairDisplay-MediumItalic.ttf"; sourceTree = "<group>"; };
		F3BD1919713603E4954EF2E4 /* Pods_twentyninek_production.framework */ = {isa = PBXFileReference; explicitFileType = wrapper.framework; includeInIndex = 0; path = Pods_twentyninek_production.framework; sourceTree = BUILT_PRODUCTS_DIR; };
		F7F60DFD1E4B498AA08A6194 /* forest.jpg */ = {isa = PBXFileReference; explicitFileType = undefined; fileEncoding = 9; includeInIndex = 0; lastKnownFileType = unknown; name = forest.jpg; path = ../src/assets/images/forest.jpg; sourceTree = "<group>"; };
		F8B60BFB051E4200971A1E5D /* HKGrotesk-ExtraBoldItalic.ttf */ = {isa = PBXFileReference; explicitFileType = undefined; fileEncoding = 9; includeInIndex = 0; lastKnownFileType = unknown; name = "HKGrotesk-ExtraBoldItalic.ttf"; path = "../src/assets/fonts/HKGrotesk-ExtraBoldItalic.ttf"; sourceTree = "<group>"; };
		FDC97632AC9A41E683B57B63 /* HKGrotesk-ExtraBold.ttf */ = {isa = PBXFileReference; explicitFileType = undefined; fileEncoding = 9; includeInIndex = 0; lastKnownFileType = unknown; name = "HKGrotesk-ExtraBold.ttf"; path = "../src/assets/fonts/HKGrotesk-ExtraBold.ttf"; sourceTree = "<group>"; };
		FF83EDE6720045869984C7B3 /* HKGrotesk-Black.ttf */ = {isa = PBXFileReference; explicitFileType = undefined; fileEncoding = 9; includeInIndex = 0; lastKnownFileType = unknown; name = "HKGrotesk-Black.ttf"; path = "../src/assets/fonts/HKGrotesk-Black.ttf"; sourceTree = "<group>"; };
/* End PBXFileReference section */

/* Begin PBXFrameworksBuildPhase section */
		13B07F8C1A680F5B00A75B9A /* Frameworks */ = {
			isa = PBXFrameworksBuildPhase;
			buildActionMask = 2147483647;
			files = (
				079D505F0F384C3B4F85E438 /* Pods_twentyninek_production.framework in Frameworks */,
			);
			runOnlyForDeploymentPostprocessing = 0;
		};
		36B9FA1228625FFA00563812 /* Frameworks */ = {
			isa = PBXFrameworksBuildPhase;
			buildActionMask = 2147483647;
			files = (
				91707B13D087086014186A03 /* Pods_twentyninek_dev.framework in Frameworks */,
			);
			runOnlyForDeploymentPostprocessing = 0;
		};
		7880A5162862029F0063B482 /* Frameworks */ = {
			isa = PBXFrameworksBuildPhase;
			buildActionMask = 2147483647;
			files = (
				2C22379E6CA1AEC0F8AAB33E /* Pods_twentyninek_staging.framework in Frameworks */,
			);
			runOnlyForDeploymentPostprocessing = 0;
		};
/* End PBXFrameworksBuildPhase section */

/* Begin PBXGroup section */
		13B07FAE1A68108700A75B9A /* twentyninek */ = {
			isa = PBXGroup;
			children = (
				3690D88D2865064200A0F937 /* Images.xcassets */,
				13B07FAF1A68108700A75B9A /* AppDelegate.h */,
				13B07FB01A68108700A75B9A /* AppDelegate.mm */,
				81AB9BB72411601600AC10FF /* LaunchScreen.storyboard */,
				13B07FB71A68108700A75B9A /* main.m */,
				20AC302A29B612980083FDD0 /* VideoLooperView.swift */,
				20AC302E29B612F40083FDD0 /* VideoLooperManager.m */,
				20AC303429B6146F0083FDD0 /* VideoLooperManager.swift */,
				20AC303829B614FB0083FDD0 /* VideoLooper-Bridging-Header.h */,
			);
			name = twentyninek;
			sourceTree = "<group>";
		};
		18DFA808C0F24C1398D3AC65 /* Resources */ = {
			isa = PBXGroup;
			children = (
				FF83EDE6720045869984C7B3 /* HKGrotesk-Black.ttf */,
				1F92E01E06E64E5F936FE9CB /* HKGrotesk-BlackItalic.ttf */,
				A056520304664C35A018EACD /* HKGrotesk-Bold.ttf */,
				B8268BC6140D4234847163B1 /* HKGrotesk-BoldItalic.ttf */,
				FDC97632AC9A41E683B57B63 /* HKGrotesk-ExtraBold.ttf */,
				F8B60BFB051E4200971A1E5D /* HKGrotesk-ExtraBoldItalic.ttf */,
				BF33B8F1B88F43168FDB6B0F /* HKGrotesk-ExtraLight.ttf */,
				EFA4006C7CCA4AB2B2917E80 /* HKGrotesk-ExtraLightItalic.ttf */,
				141DCBF6D58B416E9DC98C69 /* HKGrotesk-Italic.ttf */,
				38098D4E3BE44FE192B788F7 /* HKGrotesk-Light.ttf */,
				CB7EF2B3981F4C15B5A80B41 /* HKGrotesk-LightItalic.ttf */,
				C7A9AC015F0444D78702CDB8 /* HKGrotesk-Medium.ttf */,
				E7B0369A69A5459EBF311F36 /* HKGrotesk-MediumItalic.ttf */,
				D4DC8D4A3FCD42879BD2D25D /* HKGrotesk-Regular.ttf */,
				4668E18F3B364E8FBEE4855C /* HKGrotesk-SemiBold.ttf */,
				2F984EB2C23C413EAD170059 /* HKGrotesk-SemiBoldItalic.ttf */,
				6955B7D500CF486496F2FAC1 /* HKGrotesk-Thin.ttf */,
				D23A9D3469D04DCBA3B5B6DE /* HKGrotesk-ThinItalic.ttf */,
				0C60BDAB4BE94BBC97B83082 /* PlayfairDisplay-Black.ttf */,
				3FB1C4107AC3466188F02C93 /* PlayfairDisplay-BlackItalic.ttf */,
				5D604BD0BA9D4700B61615BC /* PlayfairDisplay-Bold.ttf */,
				A25751351AC74C9899C05A2B /* PlayfairDisplay-BoldItalic.ttf */,
				B969669E9C09454993930592 /* PlayfairDisplay-ExtraBold.ttf */,
				61A8F5BA383445C59ADAA18A /* PlayfairDisplay-ExtraBoldItalic.ttf */,
				64EC0C45BF0040A2AEAB9C0F /* PlayfairDisplay-Italic.ttf */,
				F0732F29855A4EE089F76599 /* PlayfairDisplay-Medium.ttf */,
				F35AC701EC1A4C298B2B7BBD /* PlayfairDisplay-MediumItalic.ttf */,
				35E0C7EB316048939A75C305 /* PlayfairDisplay-Regular.ttf */,
				47BAB9D11CC441EE8D9AD069 /* PlayfairDisplay-SemiBold.ttf */,
				70541B4723CC4589BC286F20 /* PlayfairDisplay-SemiBoldItalic.ttf */,
				F7F60DFD1E4B498AA08A6194 /* forest.jpg */,
				12A592D3B045465ABD8A445D /* thumbs_up.png */,
				7697D543D27245AFB5F40FE5 /* thumbs_up_silouette.png */,
				9F96356237624EFF865AE911 /* clouds.mp4 */,
				886DE006BDE2419C9A28CA55 /* onboarding_person1.mp4 */,
				B6008BB1F74B44A6834189D2 /* onboarding_person2.mp4 */,
				5E65577751A442C9A89337E6 /* onboarding_person3.mp4 */,
				11C7F314F4714C2F8F532671 /* community.jpg */,
				AC3478987B5D4523842A8EBF /* emoji_anxious.png */,
				BA0C869358D3406BBB820DCD /* emoji_grinning.png */,
				E46A3E30BB244120BC8F9CA9 /* emoji_smiling.png */,
				1BC355725EE5434FA0836C9F /* thumbs_down.png */,
				2587FCC5B84C4027BBAB880B /* thumbs_down_silouette.png */,
				1C1D4EBADDFF449994F70A8F /* gem.gif */,
			);
			name = Resources;
			sourceTree = "<group>";
		};
		2D16E6871FA4F8E400B85C8A /* Frameworks */ = {
			isa = PBXGroup;
			children = (
				ED297162215061F000B7C4FE /* JavaScriptCore.framework */,
				CB2FB17730DE42788F7C6C72 /* Pods_twentyninek_dev.framework */,
				F3BD1919713603E4954EF2E4 /* Pods_twentyninek_production.framework */,
				C781AF05E8AE0C9E532DF550 /* Pods_twentyninek_staging.framework */,
			);
			name = Frameworks;
			sourceTree = "<group>";
		};
		36A3688129E6F30000B8E859 /* Recovered References */ = {
			isa = PBXGroup;
			children = (
				607182B0D44E4F54BA0D394B /* thumbs_up_silouette.png */,
			);
			name = "Recovered References";
			sourceTree = "<group>";
		};
		36B9FA212862604700563812 /* dev */ = {
			isa = PBXGroup;
			children = (
				36B9FA22286260E500563812 /* GoogleService-Info.plist */,
			);
			path = dev;
			sourceTree = "<group>";
		};
		7880A524286203500063B482 /* Supporting */ = {
			isa = PBXGroup;
			children = (
				369FE7E92BCE2DD400DDF580 /* PrivacyInfo.xcprivacy */,
				7880A52A286204B90063B482 /* Info.plist */,
				36B9FA212862604700563812 /* dev */,
				7880A526286203660063B482 /* staging */,
				7880A5252862035D0063B482 /* production */,
				367D65242BA9B4D5009270C3 /* InfoPlist.xcstrings */,
			);
			path = Supporting;
			sourceTree = "<group>";
		};
		7880A5252862035D0063B482 /* production */ = {
			isa = PBXGroup;
			children = (
				20A763052861E2FE0007087C /* GoogleService-Info.plist */,
			);
			path = production;
			sourceTree = "<group>";
		};
		7880A526286203660063B482 /* staging */ = {
			isa = PBXGroup;
			children = (
				7880A527286204620063B482 /* GoogleService-Info.plist */,
			);
			path = staging;
			sourceTree = "<group>";
		};
		832341AE1AAA6A7D00B99B32 /* Libraries */ = {
			isa = PBXGroup;
			children = (
			);
			name = Libraries;
			sourceTree = "<group>";
		};
		83CBB9F61A601CBA00E9B192 = {
			isa = PBXGroup;
			children = (
				36ADA2F028FF3F0A003294E1 /* dev.entitlements */,
				36ADA2EF28FF3F07003294E1 /* staging.entitlements */,
				36ADA2EE28FF3F04003294E1 /* production.entitlements */,
				7880A524286203500063B482 /* Supporting */,
				13B07FAE1A68108700A75B9A /* twentyninek */,
				832341AE1AAA6A7D00B99B32 /* Libraries */,
				83CBBA001A601CBA00E9B192 /* Products */,
				2D16E6871FA4F8E400B85C8A /* Frameworks */,
				BBD78D7AC51CEA395F1C20DB /* Pods */,
				18DFA808C0F24C1398D3AC65 /* Resources */,
				36A3688129E6F30000B8E859 /* Recovered References */,
			);
			indentWidth = 2;
			sourceTree = "<group>";
			tabWidth = 2;
			usesTabs = 0;
		};
		83CBBA001A601CBA00E9B192 /* Products */ = {
			isa = PBXGroup;
			children = (
				13B07F961A680F5B00A75B9A /* production.app */,
				7880A5222862029F0063B482 /* staging.app */,
				36B9FA1F28625FFA00563812 /* dev.app */,
			);
			name = Products;
			sourceTree = "<group>";
		};
		BBD78D7AC51CEA395F1C20DB /* Pods */ = {
			isa = PBXGroup;
			children = (
				6131A6244FE813E921497060 /* Pods-twentyninek-dev.debug.xcconfig */,
				A4424CD13542A217DE04DCF6 /* Pods-twentyninek-dev.release.xcconfig */,
				9125A5457290C8D3A7FEA312 /* Pods-twentyninek-production.debug.xcconfig */,
				4E147E041E9E97139D1247A2 /* Pods-twentyninek-production.release.xcconfig */,
				724C1D3DD8806CC90036F454 /* Pods-twentyninek-staging.debug.xcconfig */,
				DF8BC7144D5753CEE68345B3 /* Pods-twentyninek-staging.release.xcconfig */,
			);
			path = Pods;
			sourceTree = "<group>";
		};
/* End PBXGroup section */

/* Begin PBXNativeTarget section */
		13B07F861A680F5B00A75B9A /* production */ = {
			isa = PBXNativeTarget;
			buildConfigurationList = 13B07F931A680F5B00A75B9A /* Build configuration list for PBXNativeTarget "production" */;
			buildPhases = (
				3A956C02E42C6BAFB55A10F1 /* [CP] Check Pods Manifest.lock */,
				13B07F871A680F5B00A75B9A /* Sources */,
				13B07F8C1A680F5B00A75B9A /* Frameworks */,
				13B07F8E1A680F5B00A75B9A /* Resources */,
				00DD1BFF1BD5951E006B06BC /* Bundle React Native code and images */,
				786FA1DDC2AB4237AF02157E /* Upload Debug Symbols to Sentry */,
				295A0821D3C4D649F2F1729C /* [CP] Embed Pods Frameworks */,
				4B5EDAA717183314A6630AFE /* [CP] Copy Pods Resources */,
			);
			buildRules = (
			);
			dependencies = (
			);
			name = production;
			productName = twentyninek;
			productReference = 13B07F961A680F5B00A75B9A /* production.app */;
			productType = "com.apple.product-type.application";
		};
		36B9FA0C28625FFA00563812 /* dev */ = {
			isa = PBXNativeTarget;
			buildConfigurationList = 36B9FA1C28625FFA00563812 /* Build configuration list for PBXNativeTarget "dev" */;
			buildPhases = (
				F012BA6A5B091C1FEC9AEFC8 /* [CP] Check Pods Manifest.lock */,
				36B9FA0F28625FFA00563812 /* Sources */,
				36B9FA1228625FFA00563812 /* Frameworks */,
				36B9FA1428625FFA00563812 /* Resources */,
				36B9FA1928625FFA00563812 /* Bundle React Native code and images */,
				360B1B8728D305990072A0CC /* Upload Debug Symbols to Sentry */,
				6F9B7AD5B8F1F6309EB1F48F /* [CP] Embed Pods Frameworks */,
				CE978B095FD0568D919F7566 /* [CP] Copy Pods Resources */,
			);
			buildRules = (
			);
			dependencies = (
			);
			name = dev;
			productName = twentyninek;
			productReference = 36B9FA1F28625FFA00563812 /* dev.app */;
			productType = "com.apple.product-type.application";
		};
		7880A5102862029F0063B482 /* staging */ = {
			isa = PBXNativeTarget;
			buildConfigurationList = 7880A51F2862029F0063B482 /* Build configuration list for PBXNativeTarget "staging" */;
			buildPhases = (
				1C5654E0C7FB997B6C1C1C82 /* [CP] Check Pods Manifest.lock */,
				7880A5132862029F0063B482 /* Sources */,
				7880A5162862029F0063B482 /* Frameworks */,
				7880A5182862029F0063B482 /* Resources */,
				7880A51C2862029F0063B482 /* Bundle React Native code and images */,
				360B1B8628D305910072A0CC /* Upload Debug Symbols to Sentry */,
				A14A16CEB3D0D24765417A31 /* [CP] Embed Pods Frameworks */,
				177B1E92111AEEEFC4C1869D /* [CP] Copy Pods Resources */,
			);
			buildRules = (
			);
			dependencies = (
			);
			name = staging;
			productName = twentyninek;
			productReference = 7880A5222862029F0063B482 /* staging.app */;
			productType = "com.apple.product-type.application";
		};
/* End PBXNativeTarget section */

/* Begin PBXProject section */
		83CBB9F71A601CBA00E9B192 /* Project object */ = {
			isa = PBXProject;
			attributes = {
				LastUpgradeCheck = 1210;
				TargetAttributes = {
					13B07F861A680F5B00A75B9A = {
						LastSwiftMigration = 1420;
					};
					36B9FA0C28625FFA00563812 = {
						LastSwiftMigration = 1420;
					};
					7880A5102862029F0063B482 = {
						LastSwiftMigration = 1420;
					};
				};
			};
			buildConfigurationList = 83CBB9FA1A601CBA00E9B192 /* Build configuration list for PBXProject "twentyninek" */;
			compatibilityVersion = "Xcode 12.0";
			developmentRegion = en;
			hasScannedForEncodings = 0;
			knownRegions = (
				en,
				sv,
				"pt-PT",
			);
			mainGroup = 83CBB9F61A601CBA00E9B192;
			productRefGroup = 83CBBA001A601CBA00E9B192 /* Products */;
			projectDirPath = "";
			projectRoot = "";
			targets = (
				13B07F861A680F5B00A75B9A /* production */,
				7880A5102862029F0063B482 /* staging */,
				36B9FA0C28625FFA00563812 /* dev */,
			);
		};
/* End PBXProject section */

/* Begin PBXResourcesBuildPhase section */
		13B07F8E1A680F5B00A75B9A /* Resources */ = {
			isa = PBXResourcesBuildPhase;
			buildActionMask = 2147483647;
			files = (
				3CB0510228624EBF009F0527 /* GoogleService-Info.plist in Resources */,
				81AB9BB82411601600AC10FF /* LaunchScreen.storyboard in Resources */,
				3690D88E2865064200A0F937 /* Images.xcassets in Resources */,
				4858360232814D29A1F6513D /* HKGrotesk-Black.ttf in Resources */,
				389B54A26CD447569B799C13 /* HKGrotesk-BlackItalic.ttf in Resources */,
				6CCB426AB87A49E596107039 /* HKGrotesk-Bold.ttf in Resources */,
				369FE7EA2BCE2DD400DDF580 /* PrivacyInfo.xcprivacy in Resources */,
				1CADA6E67B504D9EA69F73FA /* HKGrotesk-BoldItalic.ttf in Resources */,
				A004DA0332A84139837B70E3 /* HKGrotesk-ExtraBold.ttf in Resources */,
				A0396F9773F344FE8F381035 /* HKGrotesk-ExtraBoldItalic.ttf in Resources */,
				46CD5A7405F7418BB481C2F7 /* HKGrotesk-ExtraLight.ttf in Resources */,
				4A94D31420464CDCB3B29A4A /* HKGrotesk-ExtraLightItalic.ttf in Resources */,
				98BF7BD01AC94730A9EBBCF8 /* HKGrotesk-Italic.ttf in Resources */,
				D27C808E13974943B12A51A1 /* HKGrotesk-Light.ttf in Resources */,
				FF3F319A6B6F454CB98D805C /* HKGrotesk-LightItalic.ttf in Resources */,
				CD86BEA31AC24020B0EDF7F9 /* HKGrotesk-Medium.ttf in Resources */,
				9FAB75AE36C241759B2D6102 /* HKGrotesk-MediumItalic.ttf in Resources */,
				603DFC37750546B786EF64E1 /* HKGrotesk-Regular.ttf in Resources */,
				022534DA4FB64CBF9AAC6837 /* HKGrotesk-SemiBold.ttf in Resources */,
				358C4F2723F64259BA21F041 /* HKGrotesk-SemiBoldItalic.ttf in Resources */,
				FCDDAFDDFE4F4A1FABA34E33 /* HKGrotesk-Thin.ttf in Resources */,
				172FD1A660FA43AF8390F756 /* HKGrotesk-ThinItalic.ttf in Resources */,
				61AF23D5BAF44C79B8C88620 /* PlayfairDisplay-Black.ttf in Resources */,
				8EA1C749FD07419CAFAC8F1E /* PlayfairDisplay-BlackItalic.ttf in Resources */,
				F972E6872EEC4680BFA871D4 /* PlayfairDisplay-Bold.ttf in Resources */,
				4B72FCA287A94CC2BAB57E64 /* PlayfairDisplay-BoldItalic.ttf in Resources */,
				1AF1549406FE42B5B87DF3CD /* PlayfairDisplay-ExtraBold.ttf in Resources */,
				5DB405A75D724943AEF04D2E /* PlayfairDisplay-ExtraBoldItalic.ttf in Resources */,
				367D65252BA9B4D5009270C3 /* InfoPlist.xcstrings in Resources */,
				6C4AAC59C1E14B75BF46AE59 /* PlayfairDisplay-Italic.ttf in Resources */,
				09311DD5B06E4A41BD97FE2A /* PlayfairDisplay-Medium.ttf in Resources */,
				069CEB0FA3F44CE6A86060C9 /* PlayfairDisplay-MediumItalic.ttf in Resources */,
				10E70385B2454591A7657B4B /* PlayfairDisplay-Regular.ttf in Resources */,
				A2D0FF0B865E4996AAAEED8C /* PlayfairDisplay-SemiBold.ttf in Resources */,
				FB406F7E72B143368045E1E2 /* PlayfairDisplay-SemiBoldItalic.ttf in Resources */,
				703B7B72A48842758EC19F1D /* forest.jpg in Resources */,
				138532B582134608831ADCA4 /* thumbs_up.png in Resources */,
				8727A0AB20AF410ABD115722 /* thumbs_up_silouette.png in Resources */,
				CC00E8A87ADB412797C6FF99 /* clouds.mp4 in Resources */,
				1701E39AC6A84D798D0B6AAE /* onboarding_person1.mp4 in Resources */,
				4165E584BCCE4696A369367F /* onboarding_person2.mp4 in Resources */,
				8A43D0260D4F4E1F9DACF13F /* onboarding_person3.mp4 in Resources */,
				071F0984601345C1A4433655 /* community.jpg in Resources */,
				BA94C0F7A9A24B15A631D72B /* emoji_anxious.png in Resources */,
				69313C85A6144E188A656F1B /* emoji_grinning.png in Resources */,
				F7A5A4715A27415A8B5D1A4D /* emoji_smiling.png in Resources */,
				B59EAF6734BF44C49B98065D /* thumbs_down.png in Resources */,
				0BE8102DD2DE4FC2820E2A7B /* thumbs_down_silouette.png in Resources */,
				2FE77C56EC3F430AB48B6CDE /* gem.gif in Resources */,
			);
			runOnlyForDeploymentPostprocessing = 0;
		};
		36B9FA1428625FFA00563812 /* Resources */ = {
			isa = PBXResourcesBuildPhase;
			buildActionMask = 2147483647;
			files = (
				36C49FEF28D8AA11001878A6 /* HKGrotesk-Light.ttf in Resources */,
				36303A1728D9B0910025F147 /* PlayfairDisplay-ExtraBold.ttf in Resources */,
				36303A1828D9B0910025F147 /* PlayfairDisplay-SemiBold.ttf in Resources */,
				36EE4A1229EE919A00795841 /* clouds.mp4 in Resources */,
				36EE4A1129EE919A00795841 /* onboarding_person2.mp4 in Resources */,
				36C49FEC28D8AA11001878A6 /* HKGrotesk-Medium.ttf in Resources */,
				36051E3D2B4C5E24005EEF89 /* emoji_anxious.png in Resources */,
				36303A1A28D9B0910025F147 /* PlayfairDisplay-Medium.ttf in Resources */,
				36303A1928D9B0910025F147 /* PlayfairDisplay-BoldItalic.ttf in Resources */,
				36B9FA1628625FFA00563812 /* LaunchScreen.storyboard in Resources */,
				36303A1528D9B0910025F147 /* PlayfairDisplay-Italic.ttf in Resources */,
				367D65272BA9B4D5009270C3 /* InfoPlist.xcstrings in Resources */,
				36210DEB29DEDA0300552260 /* thumbs_up_silouette.png in Resources */,
				36051E3C2B4C5E24005EEF89 /* emoji_grinning.png in Resources */,
				36C49FF428D8AA11001878A6 /* HKGrotesk-Black.ttf in Resources */,
				36C49FE428D8AA11001878A6 /* HKGrotesk-Regular.ttf in Resources */,
				36EE4A1829EE973A00795841 /* community.jpg in Resources */,
				36EE4A1329EE919A00795841 /* onboarding_person1.mp4 in Resources */,
				36210DED29DEDA0300552260 /* thumbs_up.png in Resources */,
				36D3CDC32B8369EE00F38B66 /* thumbs_down.png in Resources */,
				363983F12C4DAB0500CBF3D1 /* gem.gif in Resources */,
				36C49FF328D8AA11001878A6 /* HKGrotesk-ExtraBoldItalic.ttf in Resources */,
				3690D8902865069900A0F937 /* Images.xcassets in Resources */,
				369FE7EC2BCE2DD400DDF580 /* PrivacyInfo.xcprivacy in Resources */,
				36051E3E2B4C5E24005EEF89 /* emoji_smiling.png in Resources */,
				36A3687929E69FFE00B8E859 /* thumbs_up_silouette.png in Resources */,
				36303A1C28D9B0910025F147 /* PlayfairDisplay-SemiBoldItalic.ttf in Resources */,
				36C49FE528D8AA11001878A6 /* HKGrotesk-Thin.ttf in Resources */,
				36303A2028D9B0910025F147 /* PlayfairDisplay-ExtraBoldItalic.ttf in Resources */,
				36303A1B28D9B0910025F147 /* PlayfairDisplay-BlackItalic.ttf in Resources */,
				36C49FEA28D8AA11001878A6 /* HKGrotesk-LightItalic.ttf in Resources */,
				36C49FEB28D8AA11001878A6 /* HKGrotesk-Bold.ttf in Resources */,
				36D3CDC92B836B4C00F38B66 /* thumbs_down_silouette.png in Resources */,
				36C49FF228D8AA11001878A6 /* HKGrotesk-SemiBoldItalic.ttf in Resources */,
				36303A1D28D9B0910025F147 /* PlayfairDisplay-Bold.ttf in Resources */,
				36C49FED28D8AA11001878A6 /* HKGrotesk-ExtraLightItalic.ttf in Resources */,
				36C49FF128D8AA11001878A6 /* HKGrotesk-ExtraLight.ttf in Resources */,
				36C49FE928D8AA11001878A6 /* HKGrotesk-MediumItalic.ttf in Resources */,
				36C49FE628D8AA11001878A6 /* HKGrotesk-ThinItalic.ttf in Resources */,
				36303A1628D9B0910025F147 /* PlayfairDisplay-Regular.ttf in Resources */,
				36C49FE828D8AA11001878A6 /* HKGrotesk-ExtraBold.ttf in Resources */,
				36B9FA23286260E500563812 /* GoogleService-Info.plist in Resources */,
				36210DEC29DEDA0300552260 /* forest.jpg in Resources */,
				36C49FE728D8AA11001878A6 /* HKGrotesk-BlackItalic.ttf in Resources */,
				36C49FF528D8AA11001878A6 /* HKGrotesk-BoldItalic.ttf in Resources */,
				36303A1F28D9B0910025F147 /* PlayfairDisplay-MediumItalic.ttf in Resources */,
				36C49FF028D8AA11001878A6 /* HKGrotesk-SemiBold.ttf in Resources */,
				36C49FEE28D8AA11001878A6 /* HKGrotesk-Italic.ttf in Resources */,
				36303A1E28D9B0910025F147 /* PlayfairDisplay-Black.ttf in Resources */,
				36EE4A1429EE919A00795841 /* onboarding_person3.mp4 in Resources */,
			);
			runOnlyForDeploymentPostprocessing = 0;
		};
		7880A5182862029F0063B482 /* Resources */ = {
			isa = PBXResourcesBuildPhase;
			buildActionMask = 2147483647;
			files = (
				36C49FDD28D8AA11001878A6 /* HKGrotesk-Light.ttf in Resources */,
				36303A0B28D9B0910025F147 /* PlayfairDisplay-ExtraBold.ttf in Resources */,
				36303A0C28D9B0910025F147 /* PlayfairDisplay-SemiBold.ttf in Resources */,
				36EE4A0E29EE919900795841 /* clouds.mp4 in Resources */,
				36EE4A0D29EE919900795841 /* onboarding_person2.mp4 in Resources */,
				36C49FDA28D8AA11001878A6 /* HKGrotesk-Medium.ttf in Resources */,
				36051E3A2B4C5E23005EEF89 /* emoji_anxious.png in Resources */,
				36303A0E28D9B0910025F147 /* PlayfairDisplay-Medium.ttf in Resources */,
				36303A0D28D9B0910025F147 /* PlayfairDisplay-BoldItalic.ttf in Resources */,
				3690D88F2865069800A0F937 /* Images.xcassets in Resources */,
				36303A0928D9B0910025F147 /* PlayfairDisplay-Italic.ttf in Resources */,
				367D65262BA9B4D5009270C3 /* InfoPlist.xcstrings in Resources */,
				36210DE829DEDA0300552260 /* thumbs_up_silouette.png in Resources */,
				36051E392B4C5E23005EEF89 /* emoji_grinning.png in Resources */,
				36C49FE228D8AA11001878A6 /* HKGrotesk-Black.ttf in Resources */,
				36C49FD228D8AA11001878A6 /* HKGrotesk-Regular.ttf in Resources */,
				36EE4A1729EE973900795841 /* community.jpg in Resources */,
				36EE4A0F29EE919900795841 /* onboarding_person1.mp4 in Resources */,
				36210DEA29DEDA0300552260 /* thumbs_up.png in Resources */,
				36D3CDC22B8369ED00F38B66 /* thumbs_down.png in Resources */,
				363983F02C4DAB0400CBF3D1 /* gem.gif in Resources */,
				36C49FE128D8AA11001878A6 /* HKGrotesk-ExtraBoldItalic.ttf in Resources */,
				7880A5192862029F0063B482 /* LaunchScreen.storyboard in Resources */,
				369FE7EB2BCE2DD400DDF580 /* PrivacyInfo.xcprivacy in Resources */,
				36051E3B2B4C5E23005EEF89 /* emoji_smiling.png in Resources */,
				36A3687729E69FFD00B8E859 /* thumbs_up_silouette.png in Resources */,
				36303A1028D9B0910025F147 /* PlayfairDisplay-SemiBoldItalic.ttf in Resources */,
				36C49FD328D8AA11001878A6 /* HKGrotesk-Thin.ttf in Resources */,
				36303A1428D9B0910025F147 /* PlayfairDisplay-ExtraBoldItalic.ttf in Resources */,
				36303A0F28D9B0910025F147 /* PlayfairDisplay-BlackItalic.ttf in Resources */,
				36C49FD828D8AA11001878A6 /* HKGrotesk-LightItalic.ttf in Resources */,
				36C49FD928D8AA11001878A6 /* HKGrotesk-Bold.ttf in Resources */,
				36D3CDC82B836B4B00F38B66 /* thumbs_down_silouette.png in Resources */,
				36C49FE028D8AA11001878A6 /* HKGrotesk-SemiBoldItalic.ttf in Resources */,
				36303A1128D9B0910025F147 /* PlayfairDisplay-Bold.ttf in Resources */,
				36C49FDB28D8AA11001878A6 /* HKGrotesk-ExtraLightItalic.ttf in Resources */,
				36C49FDF28D8AA11001878A6 /* HKGrotesk-ExtraLight.ttf in Resources */,
				36C49FD728D8AA11001878A6 /* HKGrotesk-MediumItalic.ttf in Resources */,
				36C49FD428D8AA11001878A6 /* HKGrotesk-ThinItalic.ttf in Resources */,
				36303A0A28D9B0910025F147 /* PlayfairDisplay-Regular.ttf in Resources */,
				36C49FD628D8AA11001878A6 /* HKGrotesk-ExtraBold.ttf in Resources */,
				7880A529286204820063B482 /* GoogleService-Info.plist in Resources */,
				36210DE929DEDA0300552260 /* forest.jpg in Resources */,
				36C49FD528D8AA11001878A6 /* HKGrotesk-BlackItalic.ttf in Resources */,
				36C49FE328D8AA11001878A6 /* HKGrotesk-BoldItalic.ttf in Resources */,
				36303A1328D9B0910025F147 /* PlayfairDisplay-MediumItalic.ttf in Resources */,
				36C49FDE28D8AA11001878A6 /* HKGrotesk-SemiBold.ttf in Resources */,
				36C49FDC28D8AA11001878A6 /* HKGrotesk-Italic.ttf in Resources */,
				36303A1228D9B0910025F147 /* PlayfairDisplay-Black.ttf in Resources */,
				36EE4A1029EE919900795841 /* onboarding_person3.mp4 in Resources */,
			);
			runOnlyForDeploymentPostprocessing = 0;
		};
/* End PBXResourcesBuildPhase section */

/* Begin PBXShellScriptBuildPhase section */
		00DD1BFF1BD5951E006B06BC /* Bundle React Native code and images */ = {
			isa = PBXShellScriptBuildPhase;
			buildActionMask = 2147483647;
			files = (
			);
			inputPaths = (
			);
			name = "Bundle React Native code and images";
			outputPaths = (
			);
			runOnlyForDeploymentPostprocessing = 0;
			shellPath = /bin/sh;
			shellScript = "export SENTRY_PROPERTIES=sentry.properties\nexport EXTRA_PACKAGER_ARGS=\"--sourcemap-output $DERIVED_FILE_DIR/main.jsbundle.map\"\nset -e\n\nWITH_ENVIRONMENT=\"$REACT_NATIVE_PATH/scripts/xcode/with-environment.sh\"\nREACT_NATIVE_XCODE=\"$REACT_NATIVE_PATH/scripts/react-native-xcode.sh\"\n\n/bin/sh -c \"$WITH_ENVIRONMENT \\\"../node_modules/@sentry/cli/bin/sentry-cli react-native xcode $REACT_NATIVE_XCODE\\\"\"\n";
		};
		177B1E92111AEEEFC4C1869D /* [CP] Copy Pods Resources */ = {
			isa = PBXShellScriptBuildPhase;
			buildActionMask = 2147483647;
			files = (
			);
			inputFileListPaths = (
				"${PODS_ROOT}/Target Support Files/Pods-twentyninek-staging/Pods-twentyninek-staging-resources-${CONFIGURATION}-input-files.xcfilelist",
			);
			name = "[CP] Copy Pods Resources";
			outputFileListPaths = (
				"${PODS_ROOT}/Target Support Files/Pods-twentyninek-staging/Pods-twentyninek-staging-resources-${CONFIGURATION}-output-files.xcfilelist",
			);
			runOnlyForDeploymentPostprocessing = 0;
			shellPath = /bin/sh;
			shellScript = "\"${PODS_ROOT}/Target Support Files/Pods-twentyninek-staging/Pods-twentyninek-staging-resources.sh\"\n";
			showEnvVarsInLog = 0;
		};
		1C5654E0C7FB997B6C1C1C82 /* [CP] Check Pods Manifest.lock */ = {
			isa = PBXShellScriptBuildPhase;
			buildActionMask = 2147483647;
			files = (
			);
			inputFileListPaths = (
			);
			inputPaths = (
				"${PODS_PODFILE_DIR_PATH}/Podfile.lock",
				"${PODS_ROOT}/Manifest.lock",
			);
			name = "[CP] Check Pods Manifest.lock";
			outputFileListPaths = (
			);
			outputPaths = (
				"$(DERIVED_FILE_DIR)/Pods-twentyninek-staging-checkManifestLockResult.txt",
			);
			runOnlyForDeploymentPostprocessing = 0;
			shellPath = /bin/sh;
			shellScript = "diff \"${PODS_PODFILE_DIR_PATH}/Podfile.lock\" \"${PODS_ROOT}/Manifest.lock\" > /dev/null\nif [ $? != 0 ] ; then\n    # print error to STDERR\n    echo \"error: The sandbox is not in sync with the Podfile.lock. Run 'pod install' or update your CocoaPods installation.\" >&2\n    exit 1\nfi\n# This output is used by Xcode 'outputs' to avoid re-running this script phase.\necho \"SUCCESS\" > \"${SCRIPT_OUTPUT_FILE_0}\"\n";
			showEnvVarsInLog = 0;
		};
		295A0821D3C4D649F2F1729C /* [CP] Embed Pods Frameworks */ = {
			isa = PBXShellScriptBuildPhase;
			buildActionMask = 2147483647;
			files = (
			);
			inputFileListPaths = (
				"${PODS_ROOT}/Target Support Files/Pods-twentyninek-production/Pods-twentyninek-production-frameworks-${CONFIGURATION}-input-files.xcfilelist",
			);
			name = "[CP] Embed Pods Frameworks";
			outputFileListPaths = (
				"${PODS_ROOT}/Target Support Files/Pods-twentyninek-production/Pods-twentyninek-production-frameworks-${CONFIGURATION}-output-files.xcfilelist",
			);
			runOnlyForDeploymentPostprocessing = 0;
			shellPath = /bin/sh;
			shellScript = "\"${PODS_ROOT}/Target Support Files/Pods-twentyninek-production/Pods-twentyninek-production-frameworks.sh\"\n";
			showEnvVarsInLog = 0;
		};
		360B1B8628D305910072A0CC /* Upload Debug Symbols to Sentry */ = {
			isa = PBXShellScriptBuildPhase;
			buildActionMask = 2147483647;
			files = (
			);
			inputPaths = (
			);
			name = "Upload Debug Symbols to Sentry";
			outputPaths = (
			);
			runOnlyForDeploymentPostprocessing = 0;
			shellPath = /bin/sh;
			shellScript = "export SENTRY_PROPERTIES=sentry.properties\n\n[[ $SENTRY_INCLUDE_NATIVE_SOURCES == \"true\" ]] && INCLUDE_SOURCES_FLAG=\"--include-sources\" || INCLUDE_SOURCES_FLAG=\"\"\nSENTRY_CLI=\"../node_modules/@sentry/cli/bin/sentry-cli\"\n$SENTRY_CLI debug-files upload \"$INCLUDE_SOURCES_FLAG\" \"$DWARF_DSYM_FOLDER_PATH\"\n";
		};
		360B1B8728D305990072A0CC /* Upload Debug Symbols to Sentry */ = {
			isa = PBXShellScriptBuildPhase;
			buildActionMask = 2147483647;
			files = (
			);
			inputPaths = (
			);
			name = "Upload Debug Symbols to Sentry";
			outputPaths = (
			);
			runOnlyForDeploymentPostprocessing = 0;
			shellPath = /bin/sh;
			shellScript = "export SENTRY_PROPERTIES=sentry.properties\n\n[[ $SENTRY_INCLUDE_NATIVE_SOURCES == \"true\" ]] && INCLUDE_SOURCES_FLAG=\"--include-sources\" || INCLUDE_SOURCES_FLAG=\"\"\nSENTRY_CLI=\"../node_modules/@sentry/cli/bin/sentry-cli\"\n$SENTRY_CLI debug-files upload \"$INCLUDE_SOURCES_FLAG\" \"$DWARF_DSYM_FOLDER_PATH\"\n";
		};
		36B9FA1928625FFA00563812 /* Bundle React Native code and images */ = {
			isa = PBXShellScriptBuildPhase;
			buildActionMask = 2147483647;
			files = (
			);
			inputPaths = (
			);
			name = "Bundle React Native code and images";
			outputPaths = (
			);
			runOnlyForDeploymentPostprocessing = 0;
			shellPath = /bin/sh;
			shellScript = "export SENTRY_PROPERTIES=sentry.properties\nexport EXTRA_PACKAGER_ARGS=\"--sourcemap-output $DERIVED_FILE_DIR/main.jsbundle.map\"\nset -e\n\nWITH_ENVIRONMENT=\"$REACT_NATIVE_PATH/scripts/xcode/with-environment.sh\"\nREACT_NATIVE_XCODE=\"$REACT_NATIVE_PATH/scripts/react-native-xcode.sh\"\n\n/bin/sh -c \"$WITH_ENVIRONMENT \\\"../node_modules/@sentry/cli/bin/sentry-cli react-native xcode $REACT_NATIVE_XCODE\\\"\"\n";
		};
		3A956C02E42C6BAFB55A10F1 /* [CP] Check Pods Manifest.lock */ = {
			isa = PBXShellScriptBuildPhase;
			buildActionMask = 2147483647;
			files = (
			);
			inputFileListPaths = (
			);
			inputPaths = (
				"${PODS_PODFILE_DIR_PATH}/Podfile.lock",
				"${PODS_ROOT}/Manifest.lock",
			);
			name = "[CP] Check Pods Manifest.lock";
			outputFileListPaths = (
			);
			outputPaths = (
				"$(DERIVED_FILE_DIR)/Pods-twentyninek-production-checkManifestLockResult.txt",
			);
			runOnlyForDeploymentPostprocessing = 0;
			shellPath = /bin/sh;
			shellScript = "diff \"${PODS_PODFILE_DIR_PATH}/Podfile.lock\" \"${PODS_ROOT}/Manifest.lock\" > /dev/null\nif [ $? != 0 ] ; then\n    # print error to STDERR\n    echo \"error: The sandbox is not in sync with the Podfile.lock. Run 'pod install' or update your CocoaPods installation.\" >&2\n    exit 1\nfi\n# This output is used by Xcode 'outputs' to avoid re-running this script phase.\necho \"SUCCESS\" > \"${SCRIPT_OUTPUT_FILE_0}\"\n";
			showEnvVarsInLog = 0;
		};
		4B5EDAA717183314A6630AFE /* [CP] Copy Pods Resources */ = {
			isa = PBXShellScriptBuildPhase;
			buildActionMask = 2147483647;
			files = (
			);
			inputFileListPaths = (
				"${PODS_ROOT}/Target Support Files/Pods-twentyninek-production/Pods-twentyninek-production-resources-${CONFIGURATION}-input-files.xcfilelist",
			);
			name = "[CP] Copy Pods Resources";
			outputFileListPaths = (
				"${PODS_ROOT}/Target Support Files/Pods-twentyninek-production/Pods-twentyninek-production-resources-${CONFIGURATION}-output-files.xcfilelist",
			);
			runOnlyForDeploymentPostprocessing = 0;
			shellPath = /bin/sh;
			shellScript = "\"${PODS_ROOT}/Target Support Files/Pods-twentyninek-production/Pods-twentyninek-production-resources.sh\"\n";
			showEnvVarsInLog = 0;
		};
		6F9B7AD5B8F1F6309EB1F48F /* [CP] Embed Pods Frameworks */ = {
			isa = PBXShellScriptBuildPhase;
			buildActionMask = 2147483647;
			files = (
			);
			inputFileListPaths = (
				"${PODS_ROOT}/Target Support Files/Pods-twentyninek-dev/Pods-twentyninek-dev-frameworks-${CONFIGURATION}-input-files.xcfilelist",
			);
			name = "[CP] Embed Pods Frameworks";
			outputFileListPaths = (
				"${PODS_ROOT}/Target Support Files/Pods-twentyninek-dev/Pods-twentyninek-dev-frameworks-${CONFIGURATION}-output-files.xcfilelist",
			);
			runOnlyForDeploymentPostprocessing = 0;
			shellPath = /bin/sh;
			shellScript = "\"${PODS_ROOT}/Target Support Files/Pods-twentyninek-dev/Pods-twentyninek-dev-frameworks.sh\"\n";
			showEnvVarsInLog = 0;
		};
		786FA1DDC2AB4237AF02157E /* Upload Debug Symbols to Sentry */ = {
			isa = PBXShellScriptBuildPhase;
			buildActionMask = 2147483647;
			files = (
			);
			inputPaths = (
			);
			name = "Upload Debug Symbols to Sentry";
			outputPaths = (
			);
			runOnlyForDeploymentPostprocessing = 0;
			shellPath = /bin/sh;
			shellScript = "export SENTRY_PROPERTIES=sentry.properties\n\n[[ $SENTRY_INCLUDE_NATIVE_SOURCES == \"true\" ]] && INCLUDE_SOURCES_FLAG=\"--include-sources\" || INCLUDE_SOURCES_FLAG=\"\"\nSENTRY_CLI=\"../node_modules/@sentry/cli/bin/sentry-cli\"\n$SENTRY_CLI debug-files upload \"$INCLUDE_SOURCES_FLAG\" \"$DWARF_DSYM_FOLDER_PATH\"\n";
		};
		7880A51C2862029F0063B482 /* Bundle React Native code and images */ = {
			isa = PBXShellScriptBuildPhase;
			buildActionMask = 2147483647;
			files = (
			);
			inputPaths = (
			);
			name = "Bundle React Native code and images";
			outputPaths = (
			);
			runOnlyForDeploymentPostprocessing = 0;
			shellPath = /bin/sh;
			shellScript = "export SENTRY_PROPERTIES=sentry.properties\nexport EXTRA_PACKAGER_ARGS=\"--sourcemap-output $DERIVED_FILE_DIR/main.jsbundle.map\"\nset -e\n\nWITH_ENVIRONMENT=\"$REACT_NATIVE_PATH/scripts/xcode/with-environment.sh\"\nREACT_NATIVE_XCODE=\"$REACT_NATIVE_PATH/scripts/react-native-xcode.sh\"\n\n/bin/sh -c \"$WITH_ENVIRONMENT \\\"../node_modules/@sentry/cli/bin/sentry-cli react-native xcode $REACT_NATIVE_XCODE\\\"\"\n";
		};
		A14A16CEB3D0D24765417A31 /* [CP] Embed Pods Frameworks */ = {
			isa = PBXShellScriptBuildPhase;
			buildActionMask = 2147483647;
			files = (
			);
			inputFileListPaths = (
				"${PODS_ROOT}/Target Support Files/Pods-twentyninek-staging/Pods-twentyninek-staging-frameworks-${CONFIGURATION}-input-files.xcfilelist",
			);
			name = "[CP] Embed Pods Frameworks";
			outputFileListPaths = (
				"${PODS_ROOT}/Target Support Files/Pods-twentyninek-staging/Pods-twentyninek-staging-frameworks-${CONFIGURATION}-output-files.xcfilelist",
			);
			runOnlyForDeploymentPostprocessing = 0;
			shellPath = /bin/sh;
			shellScript = "\"${PODS_ROOT}/Target Support Files/Pods-twentyninek-staging/Pods-twentyninek-staging-frameworks.sh\"\n";
			showEnvVarsInLog = 0;
		};
		CE978B095FD0568D919F7566 /* [CP] Copy Pods Resources */ = {
			isa = PBXShellScriptBuildPhase;
			buildActionMask = 2147483647;
			files = (
			);
			inputFileListPaths = (
				"${PODS_ROOT}/Target Support Files/Pods-twentyninek-dev/Pods-twentyninek-dev-resources-${CONFIGURATION}-input-files.xcfilelist",
			);
			name = "[CP] Copy Pods Resources";
			outputFileListPaths = (
				"${PODS_ROOT}/Target Support Files/Pods-twentyninek-dev/Pods-twentyninek-dev-resources-${CONFIGURATION}-output-files.xcfilelist",
			);
			runOnlyForDeploymentPostprocessing = 0;
			shellPath = /bin/sh;
			shellScript = "\"${PODS_ROOT}/Target Support Files/Pods-twentyninek-dev/Pods-twentyninek-dev-resources.sh\"\n";
			showEnvVarsInLog = 0;
		};
		F012BA6A5B091C1FEC9AEFC8 /* [CP] Check Pods Manifest.lock */ = {
			isa = PBXShellScriptBuildPhase;
			buildActionMask = 2147483647;
			files = (
			);
			inputFileListPaths = (
			);
			inputPaths = (
				"${PODS_PODFILE_DIR_PATH}/Podfile.lock",
				"${PODS_ROOT}/Manifest.lock",
			);
			name = "[CP] Check Pods Manifest.lock";
			outputFileListPaths = (
			);
			outputPaths = (
				"$(DERIVED_FILE_DIR)/Pods-twentyninek-dev-checkManifestLockResult.txt",
			);
			runOnlyForDeploymentPostprocessing = 0;
			shellPath = /bin/sh;
			shellScript = "diff \"${PODS_PODFILE_DIR_PATH}/Podfile.lock\" \"${PODS_ROOT}/Manifest.lock\" > /dev/null\nif [ $? != 0 ] ; then\n    # print error to STDERR\n    echo \"error: The sandbox is not in sync with the Podfile.lock. Run 'pod install' or update your CocoaPods installation.\" >&2\n    exit 1\nfi\n# This output is used by Xcode 'outputs' to avoid re-running this script phase.\necho \"SUCCESS\" > \"${SCRIPT_OUTPUT_FILE_0}\"\n";
			showEnvVarsInLog = 0;
		};
/* End PBXShellScriptBuildPhase section */

/* Begin PBXSourcesBuildPhase section */
		13B07F871A680F5B00A75B9A /* Sources */ = {
			isa = PBXSourcesBuildPhase;
			buildActionMask = 2147483647;
			files = (
				13B07FBC1A68108700A75B9A /* AppDelegate.mm in Sources */,
				13B07FC11A68108700A75B9A /* main.m in Sources */,
				20AC303529B6146F0083FDD0 /* VideoLooperManager.swift in Sources */,
				20AC302F29B612F40083FDD0 /* VideoLooperManager.m in Sources */,
				20AC302B29B612980083FDD0 /* VideoLooperView.swift in Sources */,
			);
			runOnlyForDeploymentPostprocessing = 0;
		};
		36B9FA0F28625FFA00563812 /* Sources */ = {
			isa = PBXSourcesBuildPhase;
			buildActionMask = 2147483647;
			files = (
				36B9FA1028625FFA00563812 /* AppDelegate.mm in Sources */,
				36B9FA1128625FFA00563812 /* main.m in Sources */,
				20AC303729B6146F0083FDD0 /* VideoLooperManager.swift in Sources */,
				20AC303129B612F40083FDD0 /* VideoLooperManager.m in Sources */,
				20AC302D29B612980083FDD0 /* VideoLooperView.swift in Sources */,
			);
			runOnlyForDeploymentPostprocessing = 0;
		};
		7880A5132862029F0063B482 /* Sources */ = {
			isa = PBXSourcesBuildPhase;
			buildActionMask = 2147483647;
			files = (
				7880A5142862029F0063B482 /* AppDelegate.mm in Sources */,
				7880A5152862029F0063B482 /* main.m in Sources */,
				20AC303629B6146F0083FDD0 /* VideoLooperManager.swift in Sources */,
				20AC303029B612F40083FDD0 /* VideoLooperManager.m in Sources */,
				20AC302C29B612980083FDD0 /* VideoLooperView.swift in Sources */,
			);
			runOnlyForDeploymentPostprocessing = 0;
		};
/* End PBXSourcesBuildPhase section */

/* Begin XCBuildConfiguration section */
		13B07F941A680F5B00A75B9A /* Debug */ = {
			isa = XCBuildConfiguration;
			baseConfigurationReference = 9125A5457290C8D3A7FEA312 /* Pods-twentyninek-production.debug.xcconfig */;
			buildSettings = {
				ASSETCATALOG_COMPILER_APPICON_NAME = "AppIcon-production";
				CLANG_ENABLE_MODULES = YES;
				CODE_SIGN_ENTITLEMENTS = production.entitlements;
				CODE_SIGN_IDENTITY = "iPhone Developer";
				CODE_SIGN_STYLE = Manual;
				CURRENT_PROJECT_VERSION = 193;
				DEVELOPMENT_TEAM = 68Y57ZGKLJ;
				ENABLE_BITCODE = NO;
				INFOPLIST_FILE = ./Supporting/Info.plist;
				LD_RUNPATH_SEARCH_PATHS = (
					"$(inherited)",
					"@executable_path/Frameworks",
				);
				MARKETING_VERSION = 2.60.0;
				ONLY_ACTIVE_ARCH = YES;
				OTHER_LDFLAGS = (
					"$(inherited)",
					"-ObjC",
					"-lc++",
				);
				PRODUCT_BUNDLE_IDENTIFIER = org.twentyninek.app.cupcake;
				PRODUCT_NAME = production;
				PROVISIONING_PROFILE_SPECIFIER = "development org.twentyninek.app.cupcake";
				SWIFT_OBJC_BRIDGING_HEADER = "VideoLooper-Bridging-Header.h";
				SWIFT_OPTIMIZATION_LEVEL = "-Onone";
				SWIFT_VERSION = 5.0;
				VERSIONING_SYSTEM = "apple-generic";
			};
			name = Debug;
		};
		13B07F951A680F5B00A75B9A /* Release */ = {
			isa = XCBuildConfiguration;
			baseConfigurationReference = 4E147E041E9E97139D1247A2 /* Pods-twentyninek-production.release.xcconfig */;
			buildSettings = {
				ASSETCATALOG_COMPILER_APPICON_NAME = "AppIcon-production";
				CLANG_ENABLE_MODULES = YES;
				CODE_SIGN_ENTITLEMENTS = production.entitlements;
				CODE_SIGN_IDENTITY = "iPhone Distribution";
				CODE_SIGN_STYLE = Manual;
				CURRENT_PROJECT_VERSION = 193;
				DEVELOPMENT_TEAM = 68Y57ZGKLJ;
				INFOPLIST_FILE = ./Supporting/Info.plist;
				LD_RUNPATH_SEARCH_PATHS = (
					"$(inherited)",
					"@executable_path/Frameworks",
				);
				MARKETING_VERSION = 2.60.0;
				ONLY_ACTIVE_ARCH = NO;
				OTHER_LDFLAGS = (
					"$(inherited)",
					"-ObjC",
					"-lc++",
				);
				PRODUCT_BUNDLE_IDENTIFIER = org.twentyninek.app.cupcake;
				PRODUCT_NAME = production;
				PROVISIONING_PROFILE_SPECIFIER = "appstore org.twentyninek.app.cupcake";
				SWIFT_OBJC_BRIDGING_HEADER = "VideoLooper-Bridging-Header.h";
				SWIFT_VERSION = 5.0;
				VERSIONING_SYSTEM = "apple-generic";
			};
			name = Release;
		};
		36B9FA1D28625FFA00563812 /* Debug */ = {
			isa = XCBuildConfiguration;
			baseConfigurationReference = 6131A6244FE813E921497060 /* Pods-twentyninek-dev.debug.xcconfig */;
			buildSettings = {
				ASSETCATALOG_COMPILER_APPICON_NAME = "AppIcon-dev";
				CLANG_ENABLE_MODULES = YES;
				CODE_SIGN_ENTITLEMENTS = dev.entitlements;
				CODE_SIGN_IDENTITY = "iPhone Developer";
				CODE_SIGN_STYLE = Manual;
				CURRENT_PROJECT_VERSION = 193;
				DEVELOPMENT_TEAM = 68Y57ZGKLJ;
				ENABLE_BITCODE = NO;
				INFOPLIST_FILE = ./Supporting/Info.plist;
				LD_RUNPATH_SEARCH_PATHS = (
					"$(inherited)",
					"@executable_path/Frameworks",
				);
				MARKETING_VERSION = 2.60.0;
				ONLY_ACTIVE_ARCH = YES;
				OTHER_LDFLAGS = (
					"$(inherited)",
					"-ObjC",
					"-lc++",
				);
				PRODUCT_BUNDLE_IDENTIFIER = org.twentyninek.app.cupcake.dev;
				PRODUCT_NAME = "$(TARGET_NAME)";
				PROVISIONING_PROFILE_SPECIFIER = "development org.twentyninek.app.cupcake.dev";
				SWIFT_OBJC_BRIDGING_HEADER = "VideoLooper-Bridging-Header.h";
				SWIFT_OPTIMIZATION_LEVEL = "-Onone";
				SWIFT_VERSION = 5.0;
				VERSIONING_SYSTEM = "apple-generic";
			};
			name = Debug;
		};
		36B9FA1E28625FFA00563812 /* Release */ = {
			isa = XCBuildConfiguration;
			baseConfigurationReference = A4424CD13542A217DE04DCF6 /* Pods-twentyninek-dev.release.xcconfig */;
			buildSettings = {
				ASSETCATALOG_COMPILER_APPICON_NAME = "AppIcon-dev";
				CLANG_ENABLE_MODULES = YES;
				CODE_SIGN_ENTITLEMENTS = dev.entitlements;
				CODE_SIGN_IDENTITY = "iPhone Distribution";
				CODE_SIGN_STYLE = Manual;
				CURRENT_PROJECT_VERSION = 193;
				DEVELOPMENT_TEAM = 68Y57ZGKLJ;
				INFOPLIST_FILE = ./Supporting/Info.plist;
				LD_RUNPATH_SEARCH_PATHS = (
					"$(inherited)",
					"@executable_path/Frameworks",
				);
				MARKETING_VERSION = 2.60.0;
				ONLY_ACTIVE_ARCH = NO;
				OTHER_LDFLAGS = (
					"$(inherited)",
					"-ObjC",
					"-lc++",
				);
				OTHER_LIBTOOLFLAGS = "";
				PRODUCT_BUNDLE_IDENTIFIER = org.twentyninek.app.cupcake.dev;
				PRODUCT_NAME = "$(TARGET_NAME)";
				PROVISIONING_PROFILE_SPECIFIER = "appstore org.twentyninek.app.cupcake.dev";
				SWIFT_OBJC_BRIDGING_HEADER = "VideoLooper-Bridging-Header.h";
				SWIFT_VERSION = 5.0;
				VERSIONING_SYSTEM = "apple-generic";
			};
			name = Release;
		};
		7880A5202862029F0063B482 /* Debug */ = {
			isa = XCBuildConfiguration;
			baseConfigurationReference = 724C1D3DD8806CC90036F454 /* Pods-twentyninek-staging.debug.xcconfig */;
			buildSettings = {
				ASSETCATALOG_COMPILER_APPICON_NAME = "AppIcon-staging";
				CLANG_ENABLE_MODULES = YES;
				CODE_SIGN_ENTITLEMENTS = staging.entitlements;
				CODE_SIGN_IDENTITY = "iPhone Developer";
				CODE_SIGN_STYLE = Manual;
				CURRENT_PROJECT_VERSION = 193;
				DEVELOPMENT_TEAM = 68Y57ZGKLJ;
				ENABLE_BITCODE = NO;
				INFOPLIST_FILE = ./Supporting/Info.plist;
				LD_RUNPATH_SEARCH_PATHS = (
					"$(inherited)",
					"@executable_path/Frameworks",
				);
				MARKETING_VERSION = 2.60.0;
				ONLY_ACTIVE_ARCH = YES;
				OTHER_LDFLAGS = (
					"$(inherited)",
					"-ObjC",
					"-lc++",
				);
				PRODUCT_BUNDLE_IDENTIFIER = org.twentyninek.app.cupcake.staging;
				PRODUCT_NAME = "$(TARGET_NAME)";
				PROVISIONING_PROFILE_SPECIFIER = "development org.twentyninek.app.cupcake.staging";
				SWIFT_OBJC_BRIDGING_HEADER = "VideoLooper-Bridging-Header.h";
				SWIFT_OPTIMIZATION_LEVEL = "-Onone";
				SWIFT_VERSION = 5.0;
				VERSIONING_SYSTEM = "apple-generic";
			};
			name = Debug;
		};
		7880A5212862029F0063B482 /* Release */ = {
			isa = XCBuildConfiguration;
			baseConfigurationReference = DF8BC7144D5753CEE68345B3 /* Pods-twentyninek-staging.release.xcconfig */;
			buildSettings = {
				ASSETCATALOG_COMPILER_APPICON_NAME = "AppIcon-staging";
				CLANG_ENABLE_MODULES = YES;
				CODE_SIGN_ENTITLEMENTS = staging.entitlements;
				CODE_SIGN_IDENTITY = "iPhone Distribution";
				CODE_SIGN_STYLE = Manual;
				CURRENT_PROJECT_VERSION = 193;
				DEVELOPMENT_TEAM = 68Y57ZGKLJ;
				INFOPLIST_FILE = ./Supporting/Info.plist;
				LD_RUNPATH_SEARCH_PATHS = (
					"$(inherited)",
					"@executable_path/Frameworks",
				);
				MARKETING_VERSION = 2.60.0;
				ONLY_ACTIVE_ARCH = NO;
				OTHER_LDFLAGS = (
					"$(inherited)",
					"-ObjC",
					"-lc++",
				);
				PRODUCT_BUNDLE_IDENTIFIER = org.twentyninek.app.cupcake.staging;
				PRODUCT_NAME = "$(TARGET_NAME)";
				PROVISIONING_PROFILE_SPECIFIER = "appstore org.twentyninek.app.cupcake.staging";
				SWIFT_OBJC_BRIDGING_HEADER = "VideoLooper-Bridging-Header.h";
				SWIFT_VERSION = 5.0;
				VERSIONING_SYSTEM = "apple-generic";
			};
			name = Release;
		};
		83CBBA201A601CBA00E9B192 /* Debug */ = {
			isa = XCBuildConfiguration;
			buildSettings = {
				ALWAYS_SEARCH_USER_PATHS = NO;
				CC = "";
				CLANG_ANALYZER_LOCALIZABILITY_NONLOCALIZED = YES;
				CLANG_CXX_LANGUAGE_STANDARD = "c++20";
				CLANG_CXX_LIBRARY = "libc++";
				CLANG_ENABLE_MODULES = YES;
				CLANG_ENABLE_OBJC_ARC = YES;
				CLANG_WARN_BLOCK_CAPTURE_AUTORELEASING = YES;
				CLANG_WARN_BOOL_CONVERSION = YES;
				CLANG_WARN_COMMA = YES;
				CLANG_WARN_CONSTANT_CONVERSION = YES;
				CLANG_WARN_DEPRECATED_OBJC_IMPLEMENTATIONS = YES;
				CLANG_WARN_DIRECT_OBJC_ISA_USAGE = YES_ERROR;
				CLANG_WARN_EMPTY_BODY = YES;
				CLANG_WARN_ENUM_CONVERSION = YES;
				CLANG_WARN_INFINITE_RECURSION = YES;
				CLANG_WARN_INT_CONVERSION = YES;
				CLANG_WARN_NON_LITERAL_NULL_CONVERSION = YES;
				CLANG_WARN_OBJC_IMPLICIT_RETAIN_SELF = YES;
				CLANG_WARN_OBJC_LITERAL_CONVERSION = YES;
				CLANG_WARN_OBJC_ROOT_CLASS = YES_ERROR;
				CLANG_WARN_QUOTED_INCLUDE_IN_FRAMEWORK_HEADER = YES;
				CLANG_WARN_RANGE_LOOP_ANALYSIS = YES;
				CLANG_WARN_STRICT_PROTOTYPES = YES;
				CLANG_WARN_SUSPICIOUS_MOVE = YES;
				CLANG_WARN_UNREACHABLE_CODE = YES;
				CLANG_WARN__DUPLICATE_METHOD_MATCH = YES;
				CODE_SIGN_IDENTITY = "iPhone Developer";
				COPY_PHASE_STRIP = NO;
				CXX = "";
				ENABLE_STRICT_OBJC_MSGSEND = YES;
				ENABLE_TESTABILITY = YES;
				"EXCLUDED_ARCHS[sdk=iphonesimulator*]" = i386;
				GCC_C_LANGUAGE_STANDARD = gnu99;
				GCC_DYNAMIC_NO_PIC = NO;
				GCC_NO_COMMON_BLOCKS = YES;
				GCC_OPTIMIZATION_LEVEL = 0;
				GCC_PREPROCESSOR_DEFINITIONS = (
					"DEBUG=1",
					"$(inherited)",
				);
				GCC_SYMBOLS_PRIVATE_EXTERN = NO;
				GCC_WARN_64_TO_32_BIT_CONVERSION = YES;
				GCC_WARN_ABOUT_RETURN_TYPE = YES_ERROR;
				GCC_WARN_UNDECLARED_SELECTOR = YES;
				GCC_WARN_UNINITIALIZED_AUTOS = YES_AGGRESSIVE;
				GCC_WARN_UNUSED_FUNCTION = YES;
				GCC_WARN_UNUSED_VARIABLE = YES;
				HEADER_SEARCH_PATHS = (
					"$(inherited)",
					"${PODS_CONFIGURATION_BUILD_DIR}/ReactCommon/ReactCommon.framework/Headers",
					"${PODS_CONFIGURATION_BUILD_DIR}/ReactCommon/ReactCommon.framework/Headers/react/nativemodule/core",
					"${PODS_CONFIGURATION_BUILD_DIR}/ReactCommon-Samples/ReactCommon_Samples.framework/Headers",
					"${PODS_CONFIGURATION_BUILD_DIR}/ReactCommon-Samples/ReactCommon_Samples.framework/Headers/platform/ios",
					"${PODS_CONFIGURATION_BUILD_DIR}/React-Fabric/React_Fabric.framework/Headers/react/renderer/components/view/platform/cxx",
					"${PODS_CONFIGURATION_BUILD_DIR}/React-NativeModulesApple/React_NativeModulesApple.framework/Headers",
					"${PODS_CONFIGURATION_BUILD_DIR}/React-graphics/React_graphics.framework/Headers",
					"${PODS_CONFIGURATION_BUILD_DIR}/React-graphics/React_graphics.framework/Headers/react/renderer/graphics/platform/ios",
				);
				IPHONEOS_DEPLOYMENT_TARGET = 15.5;
				LD = "";
				LDPLUSPLUS = "";
				LD_RUNPATH_SEARCH_PATHS = (
					/usr/lib/swift,
					"$(inherited)",
				);
				LIBRARY_SEARCH_PATHS = (
					"\"$(SDKROOT)/usr/lib/swift\"",
					"\"$(TOOLCHAIN_DIR)/usr/lib/swift/$(PLATFORM_NAME)\"",
					"\"$(inherited)\"",
				);
				MTL_ENABLE_DEBUG_INFO = YES;
				ONLY_ACTIVE_ARCH = YES;
				OTHER_CFLAGS = "$(inherited)";
				OTHER_CPLUSPLUSFLAGS = (
					"$(OTHER_CFLAGS)",
					"-DFOLLY_NO_CONFIG",
					"-DFOLLY_MOBILE=1",
					"-DFOLLY_USE_LIBCPP=1",
					"-DFOLLY_CFG_NO_COROUTINES=1",
					"-DFOLLY_HAVE_CLOCK_GETTIME=1",
				);
				OTHER_LDFLAGS = (
					"$(inherited)",
					"-ObjC",
					"-lc++",
				);
				REACT_NATIVE_PATH = "${PODS_ROOT}/../../node_modules/react-native";
				SDKROOT = iphoneos;
				USE_HERMES = true;
			};
			name = Debug;
		};
		83CBBA211A601CBA00E9B192 /* Release */ = {
			isa = XCBuildConfiguration;
			buildSettings = {
				ALWAYS_SEARCH_USER_PATHS = NO;
				CC = "";
				CLANG_ANALYZER_LOCALIZABILITY_NONLOCALIZED = YES;
				CLANG_CXX_LANGUAGE_STANDARD = "c++20";
				CLANG_CXX_LIBRARY = "libc++";
				CLANG_ENABLE_MODULES = YES;
				CLANG_ENABLE_OBJC_ARC = YES;
				CLANG_WARN_BLOCK_CAPTURE_AUTORELEASING = YES;
				CLANG_WARN_BOOL_CONVERSION = YES;
				CLANG_WARN_COMMA = YES;
				CLANG_WARN_CONSTANT_CONVERSION = YES;
				CLANG_WARN_DEPRECATED_OBJC_IMPLEMENTATIONS = YES;
				CLANG_WARN_DIRECT_OBJC_ISA_USAGE = YES_ERROR;
				CLANG_WARN_EMPTY_BODY = YES;
				CLANG_WARN_ENUM_CONVERSION = YES;
				CLANG_WARN_INFINITE_RECURSION = YES;
				CLANG_WARN_INT_CONVERSION = YES;
				CLANG_WARN_NON_LITERAL_NULL_CONVERSION = YES;
				CLANG_WARN_OBJC_IMPLICIT_RETAIN_SELF = YES;
				CLANG_WARN_OBJC_LITERAL_CONVERSION = YES;
				CLANG_WARN_OBJC_ROOT_CLASS = YES_ERROR;
				CLANG_WARN_QUOTED_INCLUDE_IN_FRAMEWORK_HEADER = YES;
				CLANG_WARN_RANGE_LOOP_ANALYSIS = YES;
				CLANG_WARN_STRICT_PROTOTYPES = YES;
				CLANG_WARN_SUSPICIOUS_MOVE = YES;
				CLANG_WARN_UNREACHABLE_CODE = YES;
				CLANG_WARN__DUPLICATE_METHOD_MATCH = YES;
				CODE_SIGN_IDENTITY = "iPhone Developer";
				COPY_PHASE_STRIP = YES;
				CXX = "";
				ENABLE_NS_ASSERTIONS = NO;
				ENABLE_STRICT_OBJC_MSGSEND = YES;
				"EXCLUDED_ARCHS[sdk=iphonesimulator*]" = i386;
				GCC_C_LANGUAGE_STANDARD = gnu99;
				GCC_NO_COMMON_BLOCKS = YES;
				GCC_WARN_64_TO_32_BIT_CONVERSION = YES;
				GCC_WARN_ABOUT_RETURN_TYPE = YES_ERROR;
				GCC_WARN_UNDECLARED_SELECTOR = YES;
				GCC_WARN_UNINITIALIZED_AUTOS = YES_AGGRESSIVE;
				GCC_WARN_UNUSED_FUNCTION = YES;
				GCC_WARN_UNUSED_VARIABLE = YES;
				HEADER_SEARCH_PATHS = (
					"$(inherited)",
					"${PODS_CONFIGURATION_BUILD_DIR}/ReactCommon/ReactCommon.framework/Headers",
					"${PODS_CONFIGURATION_BUILD_DIR}/ReactCommon/ReactCommon.framework/Headers/react/nativemodule/core",
					"${PODS_CONFIGURATION_BUILD_DIR}/ReactCommon-Samples/ReactCommon_Samples.framework/Headers",
					"${PODS_CONFIGURATION_BUILD_DIR}/ReactCommon-Samples/ReactCommon_Samples.framework/Headers/platform/ios",
					"${PODS_CONFIGURATION_BUILD_DIR}/React-Fabric/React_Fabric.framework/Headers/react/renderer/components/view/platform/cxx",
					"${PODS_CONFIGURATION_BUILD_DIR}/React-NativeModulesApple/React_NativeModulesApple.framework/Headers",
					"${PODS_CONFIGURATION_BUILD_DIR}/React-graphics/React_graphics.framework/Headers",
					"${PODS_CONFIGURATION_BUILD_DIR}/React-graphics/React_graphics.framework/Headers/react/renderer/graphics/platform/ios",
				);
				IPHONEOS_DEPLOYMENT_TARGET = 15.5;
				LD = "";
				LDPLUSPLUS = "";
				LD_RUNPATH_SEARCH_PATHS = (
					/usr/lib/swift,
					"$(inherited)",
				);
				LIBRARY_SEARCH_PATHS = (
					"\"$(SDKROOT)/usr/lib/swift\"",
					"\"$(TOOLCHAIN_DIR)/usr/lib/swift/$(PLATFORM_NAME)\"",
					"\"$(inherited)\"",
				);
				MTL_ENABLE_DEBUG_INFO = NO;
				OTHER_CFLAGS = "$(inherited)";
				OTHER_CPLUSPLUSFLAGS = (
					"$(OTHER_CFLAGS)",
					"-DFOLLY_NO_CONFIG",
					"-DFOLLY_MOBILE=1",
					"-DFOLLY_USE_LIBCPP=1",
					"-DFOLLY_CFG_NO_COROUTINES=1",
					"-DFOLLY_HAVE_CLOCK_GETTIME=1",
				);
				OTHER_LDFLAGS = (
					"$(inherited)",
					"-ObjC",
					"-lc++",
				);
				REACT_NATIVE_PATH = "${PODS_ROOT}/../../node_modules/react-native";
				SDKROOT = iphoneos;
				USE_HERMES = true;
				VALIDATE_PRODUCT = YES;
			};
			name = Release;
		};
/* End XCBuildConfiguration section */

/* Begin XCConfigurationList section */
		13B07F931A680F5B00A75B9A /* Build configuration list for PBXNativeTarget "production" */ = {
			isa = XCConfigurationList;
			buildConfigurations = (
				13B07F941A680F5B00A75B9A /* Debug */,
				13B07F951A680F5B00A75B9A /* Release */,
			);
			defaultConfigurationIsVisible = 0;
			defaultConfigurationName = Release;
		};
		36B9FA1C28625FFA00563812 /* Build configuration list for PBXNativeTarget "dev" */ = {
			isa = XCConfigurationList;
			buildConfigurations = (
				36B9FA1D28625FFA00563812 /* Debug */,
				36B9FA1E28625FFA00563812 /* Release */,
			);
			defaultConfigurationIsVisible = 0;
			defaultConfigurationName = Release;
		};
		7880A51F2862029F0063B482 /* Build configuration list for PBXNativeTarget "staging" */ = {
			isa = XCConfigurationList;
			buildConfigurations = (
				7880A5202862029F0063B482 /* Debug */,
				7880A5212862029F0063B482 /* Release */,
			);
			defaultConfigurationIsVisible = 0;
			defaultConfigurationName = Release;
		};
		83CBB9FA1A601CBA00E9B192 /* Build configuration list for PBXProject "twentyninek" */ = {
			isa = XCConfigurationList;
			buildConfigurations = (
				83CBBA201A601CBA00E9B192 /* Debug */,
				83CBBA211A601CBA00E9B192 /* Release */,
			);
			defaultConfigurationIsVisible = 0;
			defaultConfigurationName = Release;
		};
/* End XCConfigurationList section */
	};
	rootObject = 83CBB9F71A601CBA00E9B192 /* Project object */;
}
